// !$*UTF8*$!
{
	archiveVersion = 1;
	classes = {
	};
	objectVersion = 46;
	objects = {

/* Begin PBXBuildFile section */
		CCC472981BE9E959000B1E34 /* main.m in Sources */ = {isa = PBXBuildFile; fileRef = CCC472971BE9E959000B1E34 /* main.m */; };
		CCC472A01BE9E970000B1E34 /* Car.m in Sources */ = {isa = PBXBuildFile; fileRef = CCC4729F1BE9E970000B1E34 /* Car.m */; };
		CCC472A31BE9E97D000B1E34 /* Tire.m in Sources */ = {isa = PBXBuildFile; fileRef = CCC472A21BE9E97D000B1E34 /* Tire.m */; };
		CCC472A91BE9FA7F000B1E34 /* GeneralCar.m in Sources */ = {isa = PBXBuildFile; fileRef = CCC472A81BE9FA7F000B1E34 /* GeneralCar.m */; };
/* End PBXBuildFile section */

/* Begin PBXCopyFilesBuildPhase section */
		CCC472921BE9E959000B1E34 /* CopyFiles */ = {
			isa = PBXCopyFilesBuildPhase;
			buildActionMask = 2147483647;
			dstPath = /usr/share/man/man1/;
			dstSubfolderSpec = 0;
			files = (
			);
			runOnlyForDeploymentPostprocessing = 1;
		};
/* End PBXCopyFilesBuildPhase section */

/* Begin PBXFileReference section */
		CCC472941BE9E959000B1E34 /* QYCar */ = {isa = PBXFileReference; explicitFileType = "compiled.mach-o.executable"; includeInIndex = 0; path = QYCar; sourceTree = BUILT_PRODUCTS_DIR; };
		CCC472971BE9E959000B1E34 /* main.m */ = {isa = PBXFileReference; lastKnownFileType = sourcecode.c.objc; path = main.m; sourceTree = "<group>"; };
		CCC4729E1BE9E970000B1E34 /* Car.h */ = {isa = PBXFileReference; fileEncoding = 4; lastKnownFileType = sourcecode.c.h; path = Car.h; sourceTree = "<group>"; };
		CCC4729F1BE9E970000B1E34 /* Car.m */ = {isa = PBXFileReference; fileEncoding = 4; lastKnownFileType = sourcecode.c.objc; path = Car.m; sourceTree = "<group>"; };
		CCC472A11BE9E97D000B1E34 /* Tire.h */ = {isa = PBXFileReference; fileEncoding = 4; lastKnownFileType = sourcecode.c.h; path = Tire.h; sourceTree = "<group>"; };
		CCC472A21BE9E97D000B1E34 /* Tire.m */ = {isa = PBXFileReference; fileEncoding = 4; lastKnownFileType = sourcecode.c.objc; path = Tire.m; sourceTree = "<group>"; };
		CCC472A71BE9FA7F000B1E34 /* GeneralCar.h */ = {isa = PBXFileReference; fileEncoding = 4; lastKnownFileType = sourcecode.c.h; path = GeneralCar.h; sourceTree = "<group>"; };
		CCC472A81BE9FA7F000B1E34 /* GeneralCar.m */ = {isa = PBXFileReference; fileEncoding = 4; lastKnownFileType = sourcecode.c.objc; path = GeneralCar.m; sourceTree = "<group>"; };
/* End PBXFileReference section */

/* Begin PBXFrameworksBuildPhase section */
		CCC472911BE9E959000B1E34 /* Frameworks */ = {
			isa = PBXFrameworksBuildPhase;
			buildActionMask = 2147483647;
			files = (
			);
			runOnlyForDeploymentPostprocessing = 0;
		};
/* End PBXFrameworksBuildPhase section */

/* Begin PBXGroup section */
		CCC4728B1BE9E959000B1E34 = {
			isa = PBXGroup;
			children = (
				CCC472961BE9E959000B1E34 /* QYCar */,
				CCC472951BE9E959000B1E34 /* Products */,
			);
			sourceTree = "<group>";
		};
		CCC472951BE9E959000B1E34 /* Products */ = {
			isa = PBXGroup;
			children = (
				CCC472941BE9E959000B1E34 /* QYCar */,
			);
			name = Products;
			sourceTree = "<group>";
		};
		CCC472961BE9E959000B1E34 /* QYCar */ = {
			isa = PBXGroup;
			children = (
				CCC472971BE9E959000B1E34 /* main.m */,
				CCC4729E1BE9E970000B1E34 /* Car.h */,
				CCC4729F1BE9E970000B1E34 /* Car.m */,
				CCC472A71BE9FA7F000B1E34 /* GeneralCar.h */,
				CCC472A81BE9FA7F000B1E34 /* GeneralCar.m */,
				CCC472A11BE9E97D000B1E34 /* Tire.h */,
				CCC472A21BE9E97D000B1E34 /* Tire.m */,
			);
			path = QYCar;
			sourceTree = "<group>";
		};
/* End PBXGroup section */

/* Begin PBXNativeTarget section */
		CCC472931BE9E959000B1E34 /* QYCar */ = {
			isa = PBXNativeTarget;
			buildConfigurationList = CCC4729B1BE9E959000B1E34 /* Build configuration list for PBXNativeTarget "QYCar" */;
			buildPhases = (
				CCC472901BE9E959000B1E34 /* Sources */,
				CCC472911BE9E959000B1E34 /* Frameworks */,
				CCC472921BE9E959000B1E34 /* CopyFiles */,
			);
			buildRules = (
			);
			dependencies = (
			);
			name = QYCar;
			productName = QYCar;
			productReference = CCC472941BE9E959000B1E34 /* QYCar */;
			productType = "com.apple.product-type.tool";
		};
/* End PBXNativeTarget section */

/* Begin PBXProject section */
		CCC4728C1BE9E959000B1E34 /* Project object */ = {
			isa = PBXProject;
			attributes = {
				LastUpgradeCheck = 0640;
				ORGANIZATIONNAME = hnqingyun.com;
				TargetAttributes = {
					CCC472931BE9E959000B1E34 = {
						CreatedOnToolsVersion = 6.4;
					};
				};
			};
			buildConfigurationList = CCC4728F1BE9E959000B1E34 /* Build configuration list for PBXProject "QYCar" */;
			compatibilityVersion = "Xcode 3.2";
			developmentRegion = English;
			hasScannedForEncodings = 0;
			knownRegions = (
				en,
			);
			mainGroup = CCC4728B1BE9E959000B1E34;
			productRefGroup = CCC472951BE9E959000B1E34 /* Products */;
			projectDirPath = "";
			projectRoot = "";
			targets = (
				CCC472931BE9E959000B1E34 /* QYCar */,
			);
		};
/* End PBXProject section */

/* Begin PBXSourcesBuildPhase section */
		CCC472901BE9E959000B1E34 /* Sources */ = {
			isa = PBXSourcesBuildPhase;
			buildActionMask = 2147483647;
			files = (
				CCC472A01BE9E970000B1E34 /* Car.m in Sources */,
				CCC472A31BE9E97D000B1E34 /* Tire.m in Sources */,
				CCC472981BE9E959000B1E34 /* main.m in Sources */,
				CCC472A91BE9FA7F000B1E34 /* GeneralCar.m in Sources */,
			);
			runOnlyForDeploymentPostprocessing = 0;
		};
/* End PBXSourcesBuildPhase section */

/* Begin XCBuildConfiguration section */
		CCC472991BE9E959000B1E34 /* Debug */ = {
			isa = XCBuildConfiguration;
			buildSettings = {
				ALWAYS_SEARCH_USER_PATHS = NO;
				CLANG_CXX_LANGUAGE_STANDARD = "gnu++0x";
				CLANG_CXX_LIBRARY = "libc++";
				CLANG_ENABLE_MODULES = YES;
				CLANG_ENABLE_OBJC_ARC = YES;
				CLANG_WARN_BOOL_CONVERSION = YES;
				CLANG_WARN_CONSTANT_CONVERSION = YES;
				CLANG_WARN_DIRECT_OBJC_ISA_USAGE = YES_ERROR;
				CLANG_WARN_EMPTY_BODY = YES;
				CLANG_WARN_ENUM_CONVERSION = YES;
				CLANG_WARN_INT_CONVERSION = YES;
				CLANG_WARN_OBJC_ROOT_CLASS = YES_ERROR;
				CLANG_WARN_UNREACHABLE_CODE = YES;
				CLANG_WARN__DUPLICATE_METHOD_MATCH = YES;
				COPY_PHASE_STRIP = NO;
				DEBUG_INFORMATION_FORMAT = dwarf;
				ENABLE_STRICT_OBJC_MSGSEND = YES;
				GCC_C_LANGUAGE_STANDARD = gnu99;
				GCC_DYNAMIC_NO_PIC = NO;
				GCC_NO_COMMON_BLOCKS = YES;
				GCC_OPTIMIZATION_LEVEL = 0;
				GCC_PREPROCESSOR_DEFINITIONS = (
					"DEBUG=1",
					"$(inherited)",
				);
				GCC_SYMBOLS_PRIVATE_EXTERN = NO;
				GCC_WARN_64_TO_32_BIT_CONVERSION = YES;
				GCC_WARN_ABOUT_RETURN_TYPE = YES_ERROR;
				GCC_WARN_UNDECLARED_SELECTOR = YES;
				GCC_WARN_UNINITIALIZED_AUTOS = YES_AGGRESSIVE;
				GCC_WARN_UNUSED_FUNCTION = YES;
				GCC_WARN_UNUSED_VARIABLE = YES;
				MACOSX_DEPLOYMENT_TARGET = 10.10;
				MTL_ENABLE_DEBUG_INFO = YES;
				ONLY_ACTIVE_ARCH = YES;
				SDKROOT = macosx;
			};
			name = Debug;
		};
		CCC4729A1BE9E959000B1E34 /* Release */ = {
			isa = XCBuildConfiguration;
			buildSettings = {
				ALWAYS_SEARCH_USER_PATHS = NO;
				CLANG_CXX_LANGUAGE_STANDARD = "gnu++0x";
				CLANG_CXX_LIBRARY = "libc++";
				CLANG_ENABLE_MODULES = YES;
				CLANG_ENABLE_OBJC_ARC = YES;
				CLANG_WARN_BOOL_CONVERSION = YES;
				CLANG_WARN_CONSTANT_CONVERSION = YES;
				CLANG_WARN_DIRECT_OBJC_ISA_USAGE = YES_ERROR;
				CLANG_WARN_EMPTY_BODY = YES;
				CLANG_WARN_ENUM_CONVERSION = YES;
				CLANG_WARN_INT_CONVERSION = YES;
				CLANG_WARN_OBJC_ROOT_CLASS = YES_ERROR;
				CLANG_WARN_UNREACHABLE_CODE = YES;
				CLANG_WARN__DUPLICATE_METHOD_MATCH = YES;
				COPY_PHASE_STRIP = NO;
				DEBUG_INFORMATION_FORMAT = "dwarf-with-dsym";
				ENABLE_NS_ASSERTIONS = NO;
				ENABLE_STRICT_OBJC_MSGSEND = YES;
				GCC_C_LANGUAGE_STANDARD = gnu99;
				GCC_NO_COMMON_BLOCKS = YES;
				GCC_WARN_64_TO_32_BIT_CONVERSION = YES;
				GCC_WARN_ABOUT_RETURN_TYPE = YES_ERROR;
				GCC_WARN_UNDECLARED_SELECTOR = YES;
				GCC_WARN_UNINITIALIZED_AUTOS = YES_AGGRESSIVE;
				GCC_WARN_UNUSED_FUNCTION = YES;
				GCC_WARN_UNUSED_VARIABLE = YES;
				MACOSX_DEPLOYMENT_TARGET = 10.10;
				MTL_ENABLE_DEBUG_INFO = NO;
				SDKROOT = macosx;
			};
			name = Release;
		};
		CCC4729C1BE9E959000B1E34 /* Debug */ = {
			isa = XCBuildConfiguration;
			buildSettings = {
				PRODUCT_NAME = "$(TARGET_NAME)";
			};
			name = Debug;
		};
		CCC4729D1BE9E959000B1E34 /* Release */ = {
			isa = XCBuildConfiguration;
			buildSettings = {
				PRODUCT_NAME = "$(TARGET_NAME)";
			};
			name = Release;
		};
/* End XCBuildConfiguration section */

/* Begin XCConfigurationList section */
		CCC4728F1BE9E959000B1E34 /* Build configuration list for PBXProject "QYCar" */ = {
			isa = XCConfigurationList;
			buildConfigurations = (
				CCC472991BE9E959000B1E34 /* Debug */,
				CCC4729A1BE9E959000B1E34 /* Release */,
			);
			defaultConfigurationIsVisible = 0;
			defaultConfigurationName = Release;
		};
		CCC4729B1BE9E959000B1E34 /* Build configuration list for PBXNativeTarget "QYCar" */ = {
			isa = XCConfigurationList;
			buildConfigurations = (
				CCC4729C1BE9E959000B1E34 /* Debug */,
				CCC4729D1BE9E959000B1E34 /* Release */,
			);
			defaultConfigurationIsVisible = 0;
		};
/* End XCConfigurationList section */
	};
	rootObject = CCC4728C1BE9E959000B1E34 /* Project object */;
}
