// !$*UTF8*$!
{
	archiveVersion = 1;
	classes = {
	};
	objectVersion = 46;
	objects = {

/* Begin PBXBuildFile section */
		CC07E11D1BE73F7300FCEA13 /* main.m in Sources */ = {isa = PBXBuildFile; fileRef = CC07E11C1BE73F7300FCEA13 /* main.m */; };
		CC07E1251BE73F9B00FCEA13 /* QYPerson.m in Sources */ = {isa = PBXBuildFile; fileRef = CC07E1241BE73F9B00FCEA13 /* QYPerson.m */; };
/* End PBXBuildFile section */

/* Begin PBXCopyFilesBuildPhase section */
		CC07E1171BE73F7300FCEA13 /* CopyFiles */ = {
			isa = PBXCopyFilesBuildPhase;
			buildActionMask = 2147483647;
			dstPath = /usr/share/man/man1/;
			dstSubfolderSpec = 0;
			files = (
			);
			runOnlyForDeploymentPostprocessing = 1;
		};
/* End PBXCopyFilesBuildPhase section */

/* Begin PBXFileReference section */
		CC07E1191BE73F7300FCEA13 /* 私有API */ = {isa = PBXFileReference; explicitFileType = "compiled.mach-o.executable"; includeInIndex = 0; path = "私有API"; sourceTree = BUILT_PRODUCTS_DIR; };
		CC07E11C1BE73F7300FCEA13 /* main.m */ = {isa = PBXFileReference; lastKnownFileType = sourcecode.c.objc; path = main.m; sourceTree = "<group>"; };
		CC07E1231BE73F9B00FCEA13 /* QYPerson.h */ = {isa = PBXFileReference; fileEncoding = 4; lastKnownFileType = sourcecode.c.h; path = QYPerson.h; sourceTree = "<group>"; };
		CC07E1241BE73F9B00FCEA13 /* QYPerson.m */ = {isa = PBXFileReference; fileEncoding = 4; lastKnownFileType = sourcecode.c.objc; path = QYPerson.m; sourceTree = "<group>"; };
/* End PBXFileReference section */

/* Begin PBXFrameworksBuildPhase section */
		CC07E1161BE73F7300FCEA13 /* Frameworks */ = {
			isa = PBXFrameworksBuildPhase;
			buildActionMask = 2147483647;
			files = (
			);
			runOnlyForDeploymentPostprocessing = 0;
		};
/* End PBXFrameworksBuildPhase section */

/* Begin PBXGroup section */
		CC07E1101BE73F7300FCEA13 = {
			isa = PBXGroup;
			children = (
				CC07E11B1BE73F7300FCEA13 /* 私有API */,
				CC07E11A1BE73F7300FCEA13 /* Products */,
			);
			sourceTree = "<group>";
		};
		CC07E11A1BE73F7300FCEA13 /* Products */ = {
			isa = PBXGroup;
			children = (
				CC07E1191BE73F7300FCEA13 /* 私有API */,
			);
			name = Products;
			sourceTree = "<group>";
		};
		CC07E11B1BE73F7300FCEA13 /* 私有API */ = {
			isa = PBXGroup;
			children = (
				CC07E11C1BE73F7300FCEA13 /* main.m */,
				CC07E1231BE73F9B00FCEA13 /* QYPerson.h */,
				CC07E1241BE73F9B00FCEA13 /* QYPerson.m */,
			);
			path = "私有API";
			sourceTree = "<group>";
		};
/* End PBXGroup section */

/* Begin PBXNativeTarget section */
		CC07E1181BE73F7300FCEA13 /* 私有API */ = {
			isa = PBXNativeTarget;
			buildConfigurationList = CC07E1201BE73F7300FCEA13 /* Build configuration list for PBXNativeTarget "私有API" */;
			buildPhases = (
				CC07E1151BE73F7300FCEA13 /* Sources */,
				CC07E1161BE73F7300FCEA13 /* Frameworks */,
				CC07E1171BE73F7300FCEA13 /* CopyFiles */,
			);
			buildRules = (
			);
			dependencies = (
			);
			name = "私有API";
			productName = "私有API";
			productReference = CC07E1191BE73F7300FCEA13 /* 私有API */;
			productType = "com.apple.product-type.tool";
		};
/* End PBXNativeTarget section */

/* Begin PBXProject section */
		CC07E1111BE73F7300FCEA13 /* Project object */ = {
			isa = PBXProject;
			attributes = {
				LastUpgradeCheck = 0640;
				ORGANIZATIONNAME = hnqingyun.com;
				TargetAttributes = {
					CC07E1181BE73F7300FCEA13 = {
						CreatedOnToolsVersion = 6.4;
					};
				};
			};
			buildConfigurationList = CC07E1141BE73F7300FCEA13 /* Build configuration list for PBXProject "私有API" */;
			compatibilityVersion = "Xcode 3.2";
			developmentRegion = English;
			hasScannedForEncodings = 0;
			knownRegions = (
				en,
			);
			mainGroup = CC07E1101BE73F7300FCEA13;
			productRefGroup = CC07E11A1BE73F7300FCEA13 /* Products */;
			projectDirPath = "";
			projectRoot = "";
			targets = (
				CC07E1181BE73F7300FCEA13 /* 私有API */,
			);
		};
/* End PBXProject section */

/* Begin PBXSourcesBuildPhase section */
		CC07E1151BE73F7300FCEA13 /* Sources */ = {
			isa = PBXSourcesBuildPhase;
			buildActionMask = 2147483647;
			files = (
				CC07E1251BE73F9B00FCEA13 /* QYPerson.m in Sources */,
				CC07E11D1BE73F7300FCEA13 /* main.m in Sources */,
			);
			runOnlyForDeploymentPostprocessing = 0;
		};
/* End PBXSourcesBuildPhase section */

/* Begin XCBuildConfiguration section */
		CC07E11E1BE73F7300FCEA13 /* Debug */ = {
			isa = XCBuildConfiguration;
			buildSettings = {
				ALWAYS_SEARCH_USER_PATHS = NO;
				CLANG_CXX_LANGUAGE_STANDARD = "gnu++0x";
				CLANG_CXX_LIBRARY = "libc++";
				CLANG_ENABLE_MODULES = YES;
				CLANG_ENABLE_OBJC_ARC = YES;
				CLANG_WARN_BOOL_CONVERSION = YES;
				CLANG_WARN_CONSTANT_CONVERSION = YES;
				CLANG_WARN_DIRECT_OBJC_ISA_USAGE = YES_ERROR;
				CLANG_WARN_EMPTY_BODY = YES;
				CLANG_WARN_ENUM_CONVERSION = YES;
				CLANG_WARN_INT_CONVERSION = YES;
				CLANG_WARN_OBJC_ROOT_CLASS = YES_ERROR;
				CLANG_WARN_UNREACHABLE_CODE = YES;
				CLANG_WARN__DUPLICATE_METHOD_MATCH = YES;
				COPY_PHASE_STRIP = NO;
				DEBUG_INFORMATION_FORMAT = dwarf;
				ENABLE_STRICT_OBJC_MSGSEND = YES;
				GCC_C_LANGUAGE_STANDARD = gnu99;
				GCC_DYNAMIC_NO_PIC = NO;
				GCC_NO_COMMON_BLOCKS = YES;
				GCC_OPTIMIZATION_LEVEL = 0;
				GCC_PREPROCESSOR_DEFINITIONS = (
					"DEBUG=1",
					"$(inherited)",
				);
				GCC_SYMBOLS_PRIVATE_EXTERN = NO;
				GCC_WARN_64_TO_32_BIT_CONVERSION = YES;
				GCC_WARN_ABOUT_RETURN_TYPE = YES_ERROR;
				GCC_WARN_UNDECLARED_SELECTOR = YES;
				GCC_WARN_UNINITIALIZED_AUTOS = YES_AGGRESSIVE;
				GCC_WARN_UNUSED_FUNCTION = YES;
				GCC_WARN_UNUSED_VARIABLE = YES;
				MACOSX_DEPLOYMENT_TARGET = 10.10;
				MTL_ENABLE_DEBUG_INFO = YES;
				ONLY_ACTIVE_ARCH = YES;
				SDKROOT = macosx;
			};
			name = Debug;
		};
		CC07E11F1BE73F7300FCEA13 /* Release */ = {
			isa = XCBuildConfiguration;
			buildSettings = {
				ALWAYS_SEARCH_USER_PATHS = NO;
				CLANG_CXX_LANGUAGE_STANDARD = "gnu++0x";
				CLANG_CXX_LIBRARY = "libc++";
				CLANG_ENABLE_MODULES = YES;
				CLANG_ENABLE_OBJC_ARC = YES;
				CLANG_WARN_BOOL_CONVERSION = YES;
				CLANG_WARN_CONSTANT_CONVERSION = YES;
				CLANG_WARN_DIRECT_OBJC_ISA_USAGE = YES_ERROR;
				CLANG_WARN_EMPTY_BODY = YES;
				CLANG_WARN_ENUM_CONVERSION = YES;
				CLANG_WARN_INT_CONVERSION = YES;
				CLANG_WARN_OBJC_ROOT_CLASS = YES_ERROR;
				CLANG_WARN_UNREACHABLE_CODE = YES;
				CLANG_WARN__DUPLICATE_METHOD_MATCH = YES;
				COPY_PHASE_STRIP = NO;
				DEBUG_INFORMATION_FORMAT = "dwarf-with-dsym";
				ENABLE_NS_ASSERTIONS = NO;
				ENABLE_STRICT_OBJC_MSGSEND = YES;
				GCC_C_LANGUAGE_STANDARD = gnu99;
				GCC_NO_COMMON_BLOCKS = YES;
				GCC_WARN_64_TO_32_BIT_CONVERSION = YES;
				GCC_WARN_ABOUT_RETURN_TYPE = YES_ERROR;
				GCC_WARN_UNDECLARED_SELECTOR = YES;
				GCC_WARN_UNINITIALIZED_AUTOS = YES_AGGRESSIVE;
				GCC_WARN_UNUSED_FUNCTION = YES;
				GCC_WARN_UNUSED_VARIABLE = YES;
				MACOSX_DEPLOYMENT_TARGET = 10.10;
				MTL_ENABLE_DEBUG_INFO = NO;
				SDKROOT = macosx;
			};
			name = Release;
		};
		CC07E1211BE73F7300FCEA13 /* Debug */ = {
			isa = XCBuildConfiguration;
			buildSettings = {
				PRODUCT_NAME = "$(TARGET_NAME)";
			};
			name = Debug;
		};
		CC07E1221BE73F7300FCEA13 /* Release */ = {
			isa = XCBuildConfiguration;
			buildSettings = {
				PRODUCT_NAME = "$(TARGET_NAME)";
			};
			name = Release;
		};
/* End XCBuildConfiguration section */

/* Begin XCConfigurationList section */
		CC07E1141BE73F7300FCEA13 /* Build configuration list for PBXProject "私有API" */ = {
			isa = XCConfigurationList;
			buildConfigurations = (
				CC07E11E1BE73F7300FCEA13 /* Debug */,
				CC07E11F1BE73F7300FCEA13 /* Release */,
			);
			defaultConfigurationIsVisible = 0;
			defaultConfigurationName = Release;
		};
		CC07E1201BE73F7300FCEA13 /* Build configuration list for PBXNativeTarget "私有API" */ = {
			isa = XCConfigurationList;
			buildConfigurations = (
				CC07E1211BE73F7300FCEA13 /* Debug */,
				CC07E1221BE73F7300FCEA13 /* Release */,
			);
			defaultConfigurationIsVisible = 0;
		};
/* End XCConfigurationList section */
	};
	rootObject = CC07E1111BE73F7300FCEA13 /* Project object */;
}
