// !$*UTF8*$!
{
	archiveVersion = 1;
	classes = {
	};
	objectVersion = 46;
	objects = {

/* Begin PBXBuildFile section */
		CC9919D71BDA46D60034B1C8 /* main.m in Sources */ = {isa = PBXBuildFile; fileRef = CC9919D61BDA46D60034B1C8 /* main.m */; };
		CC9919DF1BDA59600034B1C8 /* QYTeacher.m in Sources */ = {isa = PBXBuildFile; fileRef = CC9919DE1BDA59600034B1C8 /* QYTeacher.m */; };
		CC9919E21BDA59F60034B1C8 /* QYStudent.m in Sources */ = {isa = PBXBuildFile; fileRef = CC9919E11BDA59F60034B1C8 /* QYStudent.m */; };
		CC9919E81BDA5B300034B1C8 /* QYPerson.m in Sources */ = {isa = PBXBuildFile; fileRef = CC9919E71BDA5B300034B1C8 /* QYPerson.m */; };
/* End PBXBuildFile section */

/* Begin PBXCopyFilesBuildPhase section */
		CC9919D11BDA46D60034B1C8 /* CopyFiles */ = {
			isa = PBXCopyFilesBuildPhase;
			buildActionMask = 2147483647;
			dstPath = /usr/share/man/man1/;
			dstSubfolderSpec = 0;
			files = (
			);
			runOnlyForDeploymentPostprocessing = 1;
		};
/* End PBXCopyFilesBuildPhase section */

/* Begin PBXFileReference section */
		CC9919D31BDA46D60034B1C8 /* QYteacherstudent */ = {isa = PBXFileReference; explicitFileType = "compiled.mach-o.executable"; includeInIndex = 0; path = QYteacherstudent; sourceTree = BUILT_PRODUCTS_DIR; };
		CC9919D61BDA46D60034B1C8 /* main.m */ = {isa = PBXFileReference; lastKnownFileType = sourcecode.c.objc; path = main.m; sourceTree = "<group>"; };
		CC9919DD1BDA59600034B1C8 /* QYTeacher.h */ = {isa = PBXFileReference; fileEncoding = 4; lastKnownFileType = sourcecode.c.h; path = QYTeacher.h; sourceTree = "<group>"; };
		CC9919DE1BDA59600034B1C8 /* QYTeacher.m */ = {isa = PBXFileReference; fileEncoding = 4; lastKnownFileType = sourcecode.c.objc; path = QYTeacher.m; sourceTree = "<group>"; };
		CC9919E01BDA59F60034B1C8 /* QYStudent.h */ = {isa = PBXFileReference; fileEncoding = 4; lastKnownFileType = sourcecode.c.h; path = QYStudent.h; sourceTree = "<group>"; };
		CC9919E11BDA59F60034B1C8 /* QYStudent.m */ = {isa = PBXFileReference; fileEncoding = 4; lastKnownFileType = sourcecode.c.objc; path = QYStudent.m; sourceTree = "<group>"; };
		CC9919E61BDA5B300034B1C8 /* QYPerson.h */ = {isa = PBXFileReference; fileEncoding = 4; lastKnownFileType = sourcecode.c.h; path = QYPerson.h; sourceTree = "<group>"; };
		CC9919E71BDA5B300034B1C8 /* QYPerson.m */ = {isa = PBXFileReference; fileEncoding = 4; lastKnownFileType = sourcecode.c.objc; path = QYPerson.m; sourceTree = "<group>"; };
/* End PBXFileReference section */

/* Begin PBXFrameworksBuildPhase section */
		CC9919D01BDA46D60034B1C8 /* Frameworks */ = {
			isa = PBXFrameworksBuildPhase;
			buildActionMask = 2147483647;
			files = (
			);
			runOnlyForDeploymentPostprocessing = 0;
		};
/* End PBXFrameworksBuildPhase section */

/* Begin PBXGroup section */
		CC9919CA1BDA46D60034B1C8 = {
			isa = PBXGroup;
			children = (
				CC9919D51BDA46D60034B1C8 /* QYteacherstudent */,
				CC9919D41BDA46D60034B1C8 /* Products */,
			);
			sourceTree = "<group>";
		};
		CC9919D41BDA46D60034B1C8 /* Products */ = {
			isa = PBXGroup;
			children = (
				CC9919D31BDA46D60034B1C8 /* QYteacherstudent */,
			);
			name = Products;
			sourceTree = "<group>";
		};
		CC9919D51BDA46D60034B1C8 /* QYteacherstudent */ = {
			isa = PBXGroup;
			children = (
				CC9919D61BDA46D60034B1C8 /* main.m */,
				CC9919DD1BDA59600034B1C8 /* QYTeacher.h */,
				CC9919DE1BDA59600034B1C8 /* QYTeacher.m */,
				CC9919E01BDA59F60034B1C8 /* QYStudent.h */,
				CC9919E11BDA59F60034B1C8 /* QYStudent.m */,
				CC9919E61BDA5B300034B1C8 /* QYPerson.h */,
				CC9919E71BDA5B300034B1C8 /* QYPerson.m */,
			);
			path = QYteacherstudent;
			sourceTree = "<group>";
		};
/* End PBXGroup section */

/* Begin PBXNativeTarget section */
		CC9919D21BDA46D60034B1C8 /* QYteacherstudent */ = {
			isa = PBXNativeTarget;
			buildConfigurationList = CC9919DA1BDA46D60034B1C8 /* Build configuration list for PBXNativeTarget "QYteacherstudent" */;
			buildPhases = (
				CC9919CF1BDA46D60034B1C8 /* Sources */,
				CC9919D01BDA46D60034B1C8 /* Frameworks */,
				CC9919D11BDA46D60034B1C8 /* CopyFiles */,
			);
			buildRules = (
			);
			dependencies = (
			);
			name = QYteacherstudent;
			productName = QYteacherstudent;
			productReference = CC9919D31BDA46D60034B1C8 /* QYteacherstudent */;
			productType = "com.apple.product-type.tool";
		};
/* End PBXNativeTarget section */

/* Begin PBXProject section */
		CC9919CB1BDA46D60034B1C8 /* Project object */ = {
			isa = PBXProject;
			attributes = {
				LastUpgradeCheck = 0640;
				ORGANIZATIONNAME = hnqingyun.com;
				TargetAttributes = {
					CC9919D21BDA46D60034B1C8 = {
						CreatedOnToolsVersion = 6.4;
					};
				};
			};
			buildConfigurationList = CC9919CE1BDA46D60034B1C8 /* Build configuration list for PBXProject "QYteacherstudent" */;
			compatibilityVersion = "Xcode 3.2";
			developmentRegion = English;
			hasScannedForEncodings = 0;
			knownRegions = (
				en,
			);
			mainGroup = CC9919CA1BDA46D60034B1C8;
			productRefGroup = CC9919D41BDA46D60034B1C8 /* Products */;
			projectDirPath = "";
			projectRoot = "";
			targets = (
				CC9919D21BDA46D60034B1C8 /* QYteacherstudent */,
			);
		};
/* End PBXProject section */

/* Begin PBXSourcesBuildPhase section */
		CC9919CF1BDA46D60034B1C8 /* Sources */ = {
			isa = PBXSourcesBuildPhase;
			buildActionMask = 2147483647;
			files = (
				CC9919DF1BDA59600034B1C8 /* QYTeacher.m in Sources */,
				CC9919D71BDA46D60034B1C8 /* main.m in Sources */,
				CC9919E81BDA5B300034B1C8 /* QYPerson.m in Sources */,
				CC9919E21BDA59F60034B1C8 /* QYStudent.m in Sources */,
			);
			runOnlyForDeploymentPostprocessing = 0;
		};
/* End PBXSourcesBuildPhase section */

/* Begin XCBuildConfiguration section */
		CC9919D81BDA46D60034B1C8 /* Debug */ = {
			isa = XCBuildConfiguration;
			buildSettings = {
				ALWAYS_SEARCH_USER_PATHS = NO;
				CLANG_CXX_LANGUAGE_STANDARD = "gnu++0x";
				CLANG_CXX_LIBRARY = "libc++";
				CLANG_ENABLE_MODULES = YES;
				CLANG_ENABLE_OBJC_ARC = YES;
				CLANG_WARN_BOOL_CONVERSION = YES;
				CLANG_WARN_CONSTANT_CONVERSION = YES;
				CLANG_WARN_DIRECT_OBJC_ISA_USAGE = YES_ERROR;
				CLANG_WARN_EMPTY_BODY = YES;
				CLANG_WARN_ENUM_CONVERSION = YES;
				CLANG_WARN_INT_CONVERSION = YES;
				CLANG_WARN_OBJC_ROOT_CLASS = YES_ERROR;
				CLANG_WARN_UNREACHABLE_CODE = YES;
				CLANG_WARN__DUPLICATE_METHOD_MATCH = YES;
				COPY_PHASE_STRIP = NO;
				DEBUG_INFORMATION_FORMAT = dwarf;
				ENABLE_STRICT_OBJC_MSGSEND = YES;
				GCC_C_LANGUAGE_STANDARD = gnu99;
				GCC_DYNAMIC_NO_PIC = NO;
				GCC_NO_COMMON_BLOCKS = YES;
				GCC_OPTIMIZATION_LEVEL = 0;
				GCC_PREPROCESSOR_DEFINITIONS = (
					"DEBUG=1",
					"$(inherited)",
				);
				GCC_SYMBOLS_PRIVATE_EXTERN = NO;
				GCC_WARN_64_TO_32_BIT_CONVERSION = YES;
				GCC_WARN_ABOUT_RETURN_TYPE = YES_ERROR;
				GCC_WARN_UNDECLARED_SELECTOR = YES;
				GCC_WARN_UNINITIALIZED_AUTOS = YES_AGGRESSIVE;
				GCC_WARN_UNUSED_FUNCTION = YES;
				GCC_WARN_UNUSED_VARIABLE = YES;
				MACOSX_DEPLOYMENT_TARGET = 10.10;
				MTL_ENABLE_DEBUG_INFO = YES;
				ONLY_ACTIVE_ARCH = YES;
				SDKROOT = macosx;
			};
			name = Debug;
		};
		CC9919D91BDA46D60034B1C8 /* Release */ = {
			isa = XCBuildConfiguration;
			buildSettings = {
				ALWAYS_SEARCH_USER_PATHS = NO;
				CLANG_CXX_LANGUAGE_STANDARD = "gnu++0x";
				CLANG_CXX_LIBRARY = "libc++";
				CLANG_ENABLE_MODULES = YES;
				CLANG_ENABLE_OBJC_ARC = YES;
				CLANG_WARN_BOOL_CONVERSION = YES;
				CLANG_WARN_CONSTANT_CONVERSION = YES;
				CLANG_WARN_DIRECT_OBJC_ISA_USAGE = YES_ERROR;
				CLANG_WARN_EMPTY_BODY = YES;
				CLANG_WARN_ENUM_CONVERSION = YES;
				CLANG_WARN_INT_CONVERSION = YES;
				CLANG_WARN_OBJC_ROOT_CLASS = YES_ERROR;
				CLANG_WARN_UNREACHABLE_CODE = YES;
				CLANG_WARN__DUPLICATE_METHOD_MATCH = YES;
				COPY_PHASE_STRIP = NO;
				DEBUG_INFORMATION_FORMAT = "dwarf-with-dsym";
				ENABLE_NS_ASSERTIONS = NO;
				ENABLE_STRICT_OBJC_MSGSEND = YES;
				GCC_C_LANGUAGE_STANDARD = gnu99;
				GCC_NO_COMMON_BLOCKS = YES;
				GCC_WARN_64_TO_32_BIT_CONVERSION = YES;
				GCC_WARN_ABOUT_RETURN_TYPE = YES_ERROR;
				GCC_WARN_UNDECLARED_SELECTOR = YES;
				GCC_WARN_UNINITIALIZED_AUTOS = YES_AGGRESSIVE;
				GCC_WARN_UNUSED_FUNCTION = YES;
				GCC_WARN_UNUSED_VARIABLE = YES;
				MACOSX_DEPLOYMENT_TARGET = 10.10;
				MTL_ENABLE_DEBUG_INFO = NO;
				SDKROOT = macosx;
			};
			name = Release;
		};
		CC9919DB1BDA46D60034B1C8 /* Debug */ = {
			isa = XCBuildConfiguration;
			buildSettings = {
				PRODUCT_NAME = "$(TARGET_NAME)";
			};
			name = Debug;
		};
		CC9919DC1BDA46D60034B1C8 /* Release */ = {
			isa = XCBuildConfiguration;
			buildSettings = {
				PRODUCT_NAME = "$(TARGET_NAME)";
			};
			name = Release;
		};
/* End XCBuildConfiguration section */

/* Begin XCConfigurationList section */
		CC9919CE1BDA46D60034B1C8 /* Build configuration list for PBXProject "QYteacherstudent" */ = {
			isa = XCConfigurationList;
			buildConfigurations = (
				CC9919D81BDA46D60034B1C8 /* Debug */,
				CC9919D91BDA46D60034B1C8 /* Release */,
			);
			defaultConfigurationIsVisible = 0;
			defaultConfigurationName = Release;
		};
		CC9919DA1BDA46D60034B1C8 /* Build configuration list for PBXNativeTarget "QYteacherstudent" */ = {
			isa = XCConfigurationList;
			buildConfigurations = (
				CC9919DB1BDA46D60034B1C8 /* Debug */,
				CC9919DC1BDA46D60034B1C8 /* Release */,
			);
			defaultConfigurationIsVisible = 0;
		};
/* End XCConfigurationList section */
	};
	rootObject = CC9919CB1BDA46D60034B1C8 /* Project object */;
}
