// !$*UTF8*$!
{
	archiveVersion = 1;
	classes = {
	};
	objectVersion = 46;
	objects = {

/* Begin PBXBuildFile section */
		CC3919021BEDF1C700A48D1D /* main.m in Sources */ = {isa = PBXBuildFile; fileRef = CC3919011BEDF1C700A48D1D /* main.m */; };
		CC39190A1BEDF22B00A48D1D /* Student.m in Sources */ = {isa = PBXBuildFile; fileRef = CC3919091BEDF22B00A48D1D /* Student.m */; };
/* End PBXBuildFile section */

/* Begin PBXCopyFilesBuildPhase section */
		CC3918FC1BEDF1C700A48D1D /* CopyFiles */ = {
			isa = PBXCopyFilesBuildPhase;
			buildActionMask = 2147483647;
			dstPath = /usr/share/man/man1/;
			dstSubfolderSpec = 0;
			files = (
			);
			runOnlyForDeploymentPostprocessing = 1;
		};
/* End PBXCopyFilesBuildPhase section */

/* Begin PBXFileReference section */
		CC3918FE1BEDF1C700A48D1D /* 学生拷贝 */ = {isa = PBXFileReference; explicitFileType = "compiled.mach-o.executable"; includeInIndex = 0; path = "学生拷贝"; sourceTree = BUILT_PRODUCTS_DIR; };
		CC3919011BEDF1C700A48D1D /* main.m */ = {isa = PBXFileReference; lastKnownFileType = sourcecode.c.objc; path = main.m; sourceTree = "<group>"; };
		CC3919081BEDF22B00A48D1D /* Student.h */ = {isa = PBXFileReference; fileEncoding = 4; lastKnownFileType = sourcecode.c.h; path = Student.h; sourceTree = "<group>"; };
		CC3919091BEDF22B00A48D1D /* Student.m */ = {isa = PBXFileReference; fileEncoding = 4; lastKnownFileType = sourcecode.c.objc; path = Student.m; sourceTree = "<group>"; };
/* End PBXFileReference section */

/* Begin PBXFrameworksBuildPhase section */
		CC3918FB1BEDF1C700A48D1D /* Frameworks */ = {
			isa = PBXFrameworksBuildPhase;
			buildActionMask = 2147483647;
			files = (
			);
			runOnlyForDeploymentPostprocessing = 0;
		};
/* End PBXFrameworksBuildPhase section */

/* Begin PBXGroup section */
		CC3918F51BEDF1C700A48D1D = {
			isa = PBXGroup;
			children = (
				CC3919001BEDF1C700A48D1D /* 学生拷贝 */,
				CC3918FF1BEDF1C700A48D1D /* Products */,
			);
			sourceTree = "<group>";
		};
		CC3918FF1BEDF1C700A48D1D /* Products */ = {
			isa = PBXGroup;
			children = (
				CC3918FE1BEDF1C700A48D1D /* 学生拷贝 */,
			);
			name = Products;
			sourceTree = "<group>";
		};
		CC3919001BEDF1C700A48D1D /* 学生拷贝 */ = {
			isa = PBXGroup;
			children = (
				CC3919011BEDF1C700A48D1D /* main.m */,
				CC3919081BEDF22B00A48D1D /* Student.h */,
				CC3919091BEDF22B00A48D1D /* Student.m */,
			);
			path = "学生拷贝";
			sourceTree = "<group>";
		};
/* End PBXGroup section */

/* Begin PBXNativeTarget section */
		CC3918FD1BEDF1C700A48D1D /* 学生拷贝 */ = {
			isa = PBXNativeTarget;
			buildConfigurationList = CC3919051BEDF1C700A48D1D /* Build configuration list for PBXNativeTarget "学生拷贝" */;
			buildPhases = (
				CC3918FA1BEDF1C700A48D1D /* Sources */,
				CC3918FB1BEDF1C700A48D1D /* Frameworks */,
				CC3918FC1BEDF1C700A48D1D /* CopyFiles */,
			);
			buildRules = (
			);
			dependencies = (
			);
			name = "学生拷贝";
			productName = "学生拷贝";
			productReference = CC3918FE1BEDF1C700A48D1D /* 学生拷贝 */;
			productType = "com.apple.product-type.tool";
		};
/* End PBXNativeTarget section */

/* Begin PBXProject section */
		CC3918F61BEDF1C700A48D1D /* Project object */ = {
			isa = PBXProject;
			attributes = {
				LastUpgradeCheck = 0640;
				ORGANIZATIONNAME = hnqingyun.com;
				TargetAttributes = {
					CC3918FD1BEDF1C700A48D1D = {
						CreatedOnToolsVersion = 6.4;
					};
				};
			};
			buildConfigurationList = CC3918F91BEDF1C700A48D1D /* Build configuration list for PBXProject "学生拷贝" */;
			compatibilityVersion = "Xcode 3.2";
			developmentRegion = English;
			hasScannedForEncodings = 0;
			knownRegions = (
				en,
			);
			mainGroup = CC3918F51BEDF1C700A48D1D;
			productRefGroup = CC3918FF1BEDF1C700A48D1D /* Products */;
			projectDirPath = "";
			projectRoot = "";
			targets = (
				CC3918FD1BEDF1C700A48D1D /* 学生拷贝 */,
			);
		};
/* End PBXProject section */

/* Begin PBXSourcesBuildPhase section */
		CC3918FA1BEDF1C700A48D1D /* Sources */ = {
			isa = PBXSourcesBuildPhase;
			buildActionMask = 2147483647;
			files = (
				CC3919021BEDF1C700A48D1D /* main.m in Sources */,
				CC39190A1BEDF22B00A48D1D /* Student.m in Sources */,
			);
			runOnlyForDeploymentPostprocessing = 0;
		};
/* End PBXSourcesBuildPhase section */

/* Begin XCBuildConfiguration section */
		CC3919031BEDF1C700A48D1D /* Debug */ = {
			isa = XCBuildConfiguration;
			buildSettings = {
				ALWAYS_SEARCH_USER_PATHS = NO;
				CLANG_CXX_LANGUAGE_STANDARD = "gnu++0x";
				CLANG_CXX_LIBRARY = "libc++";
				CLANG_ENABLE_MODULES = YES;
				CLANG_ENABLE_OBJC_ARC = YES;
				CLANG_WARN_BOOL_CONVERSION = YES;
				CLANG_WARN_CONSTANT_CONVERSION = YES;
				CLANG_WARN_DIRECT_OBJC_ISA_USAGE = YES_ERROR;
				CLANG_WARN_EMPTY_BODY = YES;
				CLANG_WARN_ENUM_CONVERSION = YES;
				CLANG_WARN_INT_CONVERSION = YES;
				CLANG_WARN_OBJC_ROOT_CLASS = YES_ERROR;
				CLANG_WARN_UNREACHABLE_CODE = YES;
				CLANG_WARN__DUPLICATE_METHOD_MATCH = YES;
				COPY_PHASE_STRIP = NO;
				DEBUG_INFORMATION_FORMAT = dwarf;
				ENABLE_STRICT_OBJC_MSGSEND = YES;
				GCC_C_LANGUAGE_STANDARD = gnu99;
				GCC_DYNAMIC_NO_PIC = NO;
				GCC_NO_COMMON_BLOCKS = YES;
				GCC_OPTIMIZATION_LEVEL = 0;
				GCC_PREPROCESSOR_DEFINITIONS = (
					"DEBUG=1",
					"$(inherited)",
				);
				GCC_SYMBOLS_PRIVATE_EXTERN = NO;
				GCC_WARN_64_TO_32_BIT_CONVERSION = YES;
				GCC_WARN_ABOUT_RETURN_TYPE = YES_ERROR;
				GCC_WARN_UNDECLARED_SELECTOR = YES;
				GCC_WARN_UNINITIALIZED_AUTOS = YES_AGGRESSIVE;
				GCC_WARN_UNUSED_FUNCTION = YES;
				GCC_WARN_UNUSED_VARIABLE = YES;
				MACOSX_DEPLOYMENT_TARGET = 10.10;
				MTL_ENABLE_DEBUG_INFO = YES;
				ONLY_ACTIVE_ARCH = YES;
				SDKROOT = macosx;
			};
			name = Debug;
		};
		CC3919041BEDF1C700A48D1D /* Release */ = {
			isa = XCBuildConfiguration;
			buildSettings = {
				ALWAYS_SEARCH_USER_PATHS = NO;
				CLANG_CXX_LANGUAGE_STANDARD = "gnu++0x";
				CLANG_CXX_LIBRARY = "libc++";
				CLANG_ENABLE_MODULES = YES;
				CLANG_ENABLE_OBJC_ARC = YES;
				CLANG_WARN_BOOL_CONVERSION = YES;
				CLANG_WARN_CONSTANT_CONVERSION = YES;
				CLANG_WARN_DIRECT_OBJC_ISA_USAGE = YES_ERROR;
				CLANG_WARN_EMPTY_BODY = YES;
				CLANG_WARN_ENUM_CONVERSION = YES;
				CLANG_WARN_INT_CONVERSION = YES;
				CLANG_WARN_OBJC_ROOT_CLASS = YES_ERROR;
				CLANG_WARN_UNREACHABLE_CODE = YES;
				CLANG_WARN__DUPLICATE_METHOD_MATCH = YES;
				COPY_PHASE_STRIP = NO;
				DEBUG_INFORMATION_FORMAT = "dwarf-with-dsym";
				ENABLE_NS_ASSERTIONS = NO;
				ENABLE_STRICT_OBJC_MSGSEND = YES;
				GCC_C_LANGUAGE_STANDARD = gnu99;
				GCC_NO_COMMON_BLOCKS = YES;
				GCC_WARN_64_TO_32_BIT_CONVERSION = YES;
				GCC_WARN_ABOUT_RETURN_TYPE = YES_ERROR;
				GCC_WARN_UNDECLARED_SELECTOR = YES;
				GCC_WARN_UNINITIALIZED_AUTOS = YES_AGGRESSIVE;
				GCC_WARN_UNUSED_FUNCTION = YES;
				GCC_WARN_UNUSED_VARIABLE = YES;
				MACOSX_DEPLOYMENT_TARGET = 10.10;
				MTL_ENABLE_DEBUG_INFO = NO;
				SDKROOT = macosx;
			};
			name = Release;
		};
		CC3919061BEDF1C700A48D1D /* Debug */ = {
			isa = XCBuildConfiguration;
			buildSettings = {
				PRODUCT_NAME = "$(TARGET_NAME)";
			};
			name = Debug;
		};
		CC3919071BEDF1C700A48D1D /* Release */ = {
			isa = XCBuildConfiguration;
			buildSettings = {
				PRODUCT_NAME = "$(TARGET_NAME)";
			};
			name = Release;
		};
/* End XCBuildConfiguration section */

/* Begin XCConfigurationList section */
		CC3918F91BEDF1C700A48D1D /* Build configuration list for PBXProject "学生拷贝" */ = {
			isa = XCConfigurationList;
			buildConfigurations = (
				CC3919031BEDF1C700A48D1D /* Debug */,
				CC3919041BEDF1C700A48D1D /* Release */,
			);
			defaultConfigurationIsVisible = 0;
			defaultConfigurationName = Release;
		};
		CC3919051BEDF1C700A48D1D /* Build configuration list for PBXNativeTarget "学生拷贝" */ = {
			isa = XCConfigurationList;
			buildConfigurations = (
				CC3919061BEDF1C700A48D1D /* Debug */,
				CC3919071BEDF1C700A48D1D /* Release */,
			);
			defaultConfigurationIsVisible = 0;
		};
/* End XCConfigurationList section */
	};
	rootObject = CC3918F61BEDF1C700A48D1D /* Project object */;
}
