// !$*UTF8*$!
{
	archiveVersion = 1;
	classes = {
	};
	objectVersion = 46;
	objects = {

/* Begin PBXBuildFile section */
		CC2E52561BE8A9FD00D69DAC /* main.m in Sources */ = {isa = PBXBuildFile; fileRef = CC2E52551BE8A9FD00D69DAC /* main.m */; };
		CC2E525E1BE8AA3100D69DAC /* QYPerson.m in Sources */ = {isa = PBXBuildFile; fileRef = CC2E525D1BE8AA3100D69DAC /* QYPerson.m */; };
/* End PBXBuildFile section */

/* Begin PBXCopyFilesBuildPhase section */
		CC2E52501BE8A9FD00D69DAC /* CopyFiles */ = {
			isa = PBXCopyFilesBuildPhase;
			buildActionMask = 2147483647;
			dstPath = /usr/share/man/man1/;
			dstSubfolderSpec = 0;
			files = (
			);
			runOnlyForDeploymentPostprocessing = 1;
		};
/* End PBXCopyFilesBuildPhase section */

/* Begin PBXFileReference section */
		CC2E52521BE8A9FD00D69DAC /* 响应选择器Test */ = {isa = PBXFileReference; explicitFileType = "compiled.mach-o.executable"; includeInIndex = 0; path = "响应选择器Test"; sourceTree = BUILT_PRODUCTS_DIR; };
		CC2E52551BE8A9FD00D69DAC /* main.m */ = {isa = PBXFileReference; lastKnownFileType = sourcecode.c.objc; path = main.m; sourceTree = "<group>"; };
		CC2E525C1BE8AA3100D69DAC /* QYPerson.h */ = {isa = PBXFileReference; fileEncoding = 4; lastKnownFileType = sourcecode.c.h; path = QYPerson.h; sourceTree = "<group>"; };
		CC2E525D1BE8AA3100D69DAC /* QYPerson.m */ = {isa = PBXFileReference; fileEncoding = 4; lastKnownFileType = sourcecode.c.objc; path = QYPerson.m; sourceTree = "<group>"; };
/* End PBXFileReference section */

/* Begin PBXFrameworksBuildPhase section */
		CC2E524F1BE8A9FD00D69DAC /* Frameworks */ = {
			isa = PBXFrameworksBuildPhase;
			buildActionMask = 2147483647;
			files = (
			);
			runOnlyForDeploymentPostprocessing = 0;
		};
/* End PBXFrameworksBuildPhase section */

/* Begin PBXGroup section */
		CC2E52491BE8A9FD00D69DAC = {
			isa = PBXGroup;
			children = (
				CC2E52541BE8A9FD00D69DAC /* 响应选择器Test */,
				CC2E52531BE8A9FD00D69DAC /* Products */,
			);
			sourceTree = "<group>";
		};
		CC2E52531BE8A9FD00D69DAC /* Products */ = {
			isa = PBXGroup;
			children = (
				CC2E52521BE8A9FD00D69DAC /* 响应选择器Test */,
			);
			name = Products;
			sourceTree = "<group>";
		};
		CC2E52541BE8A9FD00D69DAC /* 响应选择器Test */ = {
			isa = PBXGroup;
			children = (
				CC2E52551BE8A9FD00D69DAC /* main.m */,
				CC2E525C1BE8AA3100D69DAC /* QYPerson.h */,
				CC2E525D1BE8AA3100D69DAC /* QYPerson.m */,
			);
			path = "响应选择器Test";
			sourceTree = "<group>";
		};
/* End PBXGroup section */

/* Begin PBXNativeTarget section */
		CC2E52511BE8A9FD00D69DAC /* 响应选择器Test */ = {
			isa = PBXNativeTarget;
			buildConfigurationList = CC2E52591BE8A9FD00D69DAC /* Build configuration list for PBXNativeTarget "响应选择器Test" */;
			buildPhases = (
				CC2E524E1BE8A9FD00D69DAC /* Sources */,
				CC2E524F1BE8A9FD00D69DAC /* Frameworks */,
				CC2E52501BE8A9FD00D69DAC /* CopyFiles */,
			);
			buildRules = (
			);
			dependencies = (
			);
			name = "响应选择器Test";
			productName = "响应选择器Test";
			productReference = CC2E52521BE8A9FD00D69DAC /* 响应选择器Test */;
			productType = "com.apple.product-type.tool";
		};
/* End PBXNativeTarget section */

/* Begin PBXProject section */
		CC2E524A1BE8A9FD00D69DAC /* Project object */ = {
			isa = PBXProject;
			attributes = {
				LastUpgradeCheck = 0640;
				ORGANIZATIONNAME = hnqingyun.com;
				TargetAttributes = {
					CC2E52511BE8A9FD00D69DAC = {
						CreatedOnToolsVersion = 6.4;
					};
				};
			};
			buildConfigurationList = CC2E524D1BE8A9FD00D69DAC /* Build configuration list for PBXProject "响应选择器Test" */;
			compatibilityVersion = "Xcode 3.2";
			developmentRegion = English;
			hasScannedForEncodings = 0;
			knownRegions = (
				en,
			);
			mainGroup = CC2E52491BE8A9FD00D69DAC;
			productRefGroup = CC2E52531BE8A9FD00D69DAC /* Products */;
			projectDirPath = "";
			projectRoot = "";
			targets = (
				CC2E52511BE8A9FD00D69DAC /* 响应选择器Test */,
			);
		};
/* End PBXProject section */

/* Begin PBXSourcesBuildPhase section */
		CC2E524E1BE8A9FD00D69DAC /* Sources */ = {
			isa = PBXSourcesBuildPhase;
			buildActionMask = 2147483647;
			files = (
				CC2E525E1BE8AA3100D69DAC /* QYPerson.m in Sources */,
				CC2E52561BE8A9FD00D69DAC /* main.m in Sources */,
			);
			runOnlyForDeploymentPostprocessing = 0;
		};
/* End PBXSourcesBuildPhase section */

/* Begin XCBuildConfiguration section */
		CC2E52571BE8A9FD00D69DAC /* Debug */ = {
			isa = XCBuildConfiguration;
			buildSettings = {
				ALWAYS_SEARCH_USER_PATHS = NO;
				CLANG_CXX_LANGUAGE_STANDARD = "gnu++0x";
				CLANG_CXX_LIBRARY = "libc++";
				CLANG_ENABLE_MODULES = YES;
				CLANG_ENABLE_OBJC_ARC = YES;
				CLANG_WARN_BOOL_CONVERSION = YES;
				CLANG_WARN_CONSTANT_CONVERSION = YES;
				CLANG_WARN_DIRECT_OBJC_ISA_USAGE = YES_ERROR;
				CLANG_WARN_EMPTY_BODY = YES;
				CLANG_WARN_ENUM_CONVERSION = YES;
				CLANG_WARN_INT_CONVERSION = YES;
				CLANG_WARN_OBJC_ROOT_CLASS = YES_ERROR;
				CLANG_WARN_UNREACHABLE_CODE = YES;
				CLANG_WARN__DUPLICATE_METHOD_MATCH = YES;
				COPY_PHASE_STRIP = NO;
				DEBUG_INFORMATION_FORMAT = dwarf;
				ENABLE_STRICT_OBJC_MSGSEND = YES;
				GCC_C_LANGUAGE_STANDARD = gnu99;
				GCC_DYNAMIC_NO_PIC = NO;
				GCC_NO_COMMON_BLOCKS = YES;
				GCC_OPTIMIZATION_LEVEL = 0;
				GCC_PREPROCESSOR_DEFINITIONS = (
					"DEBUG=1",
					"$(inherited)",
				);
				GCC_SYMBOLS_PRIVATE_EXTERN = NO;
				GCC_WARN_64_TO_32_BIT_CONVERSION = YES;
				GCC_WARN_ABOUT_RETURN_TYPE = YES_ERROR;
				GCC_WARN_UNDECLARED_SELECTOR = YES;
				GCC_WARN_UNINITIALIZED_AUTOS = YES_AGGRESSIVE;
				GCC_WARN_UNUSED_FUNCTION = YES;
				GCC_WARN_UNUSED_VARIABLE = YES;
				MACOSX_DEPLOYMENT_TARGET = 10.10;
				MTL_ENABLE_DEBUG_INFO = YES;
				ONLY_ACTIVE_ARCH = YES;
				SDKROOT = macosx;
			};
			name = Debug;
		};
		CC2E52581BE8A9FD00D69DAC /* Release */ = {
			isa = XCBuildConfiguration;
			buildSettings = {
				ALWAYS_SEARCH_USER_PATHS = NO;
				CLANG_CXX_LANGUAGE_STANDARD = "gnu++0x";
				CLANG_CXX_LIBRARY = "libc++";
				CLANG_ENABLE_MODULES = YES;
				CLANG_ENABLE_OBJC_ARC = YES;
				CLANG_WARN_BOOL_CONVERSION = YES;
				CLANG_WARN_CONSTANT_CONVERSION = YES;
				CLANG_WARN_DIRECT_OBJC_ISA_USAGE = YES_ERROR;
				CLANG_WARN_EMPTY_BODY = YES;
				CLANG_WARN_ENUM_CONVERSION = YES;
				CLANG_WARN_INT_CONVERSION = YES;
				CLANG_WARN_OBJC_ROOT_CLASS = YES_ERROR;
				CLANG_WARN_UNREACHABLE_CODE = YES;
				CLANG_WARN__DUPLICATE_METHOD_MATCH = YES;
				COPY_PHASE_STRIP = NO;
				DEBUG_INFORMATION_FORMAT = "dwarf-with-dsym";
				ENABLE_NS_ASSERTIONS = NO;
				ENABLE_STRICT_OBJC_MSGSEND = YES;
				GCC_C_LANGUAGE_STANDARD = gnu99;
				GCC_NO_COMMON_BLOCKS = YES;
				GCC_WARN_64_TO_32_BIT_CONVERSION = YES;
				GCC_WARN_ABOUT_RETURN_TYPE = YES_ERROR;
				GCC_WARN_UNDECLARED_SELECTOR = YES;
				GCC_WARN_UNINITIALIZED_AUTOS = YES_AGGRESSIVE;
				GCC_WARN_UNUSED_FUNCTION = YES;
				GCC_WARN_UNUSED_VARIABLE = YES;
				MACOSX_DEPLOYMENT_TARGET = 10.10;
				MTL_ENABLE_DEBUG_INFO = NO;
				SDKROOT = macosx;
			};
			name = Release;
		};
		CC2E525A1BE8A9FD00D69DAC /* Debug */ = {
			isa = XCBuildConfiguration;
			buildSettings = {
				PRODUCT_NAME = "$(TARGET_NAME)";
			};
			name = Debug;
		};
		CC2E525B1BE8A9FD00D69DAC /* Release */ = {
			isa = XCBuildConfiguration;
			buildSettings = {
				PRODUCT_NAME = "$(TARGET_NAME)";
			};
			name = Release;
		};
/* End XCBuildConfiguration section */

/* Begin XCConfigurationList section */
		CC2E524D1BE8A9FD00D69DAC /* Build configuration list for PBXProject "响应选择器Test" */ = {
			isa = XCConfigurationList;
			buildConfigurations = (
				CC2E52571BE8A9FD00D69DAC /* Debug */,
				CC2E52581BE8A9FD00D69DAC /* Release */,
			);
			defaultConfigurationIsVisible = 0;
			defaultConfigurationName = Release;
		};
		CC2E52591BE8A9FD00D69DAC /* Build configuration list for PBXNativeTarget "响应选择器Test" */ = {
			isa = XCConfigurationList;
			buildConfigurations = (
				CC2E525A1BE8A9FD00D69DAC /* Debug */,
				CC2E525B1BE8A9FD00D69DAC /* Release */,
			);
			defaultConfigurationIsVisible = 0;
		};
/* End XCConfigurationList section */
	};
	rootObject = CC2E524A1BE8A9FD00D69DAC /* Project object */;
}
