// !$*UTF8*$!
{
	archiveVersion = 1;
	classes = {
	};
	objectVersion = 46;
	objects = {

/* Begin PBXBuildFile section */
		CC07E15E1BE77C4B00FCEA13 /* main.m in Sources */ = {isa = PBXBuildFile; fileRef = CC07E15D1BE77C4B00FCEA13 /* main.m */; };
		CC07E1661BE77C6200FCEA13 /* Person.m in Sources */ = {isa = PBXBuildFile; fileRef = CC07E1651BE77C6200FCEA13 /* Person.m */; };
/* End PBXBuildFile section */

/* Begin PBXCopyFilesBuildPhase section */
		CC07E1581BE77C4B00FCEA13 /* CopyFiles */ = {
			isa = PBXCopyFilesBuildPhase;
			buildActionMask = 2147483647;
			dstPath = /usr/share/man/man1/;
			dstSubfolderSpec = 0;
			files = (
			);
			runOnlyForDeploymentPostprocessing = 1;
		};
/* End PBXCopyFilesBuildPhase section */

/* Begin PBXFileReference section */
		CC07E15A1BE77C4B00FCEA13 /* ClassExtension */ = {isa = PBXFileReference; explicitFileType = "compiled.mach-o.executable"; includeInIndex = 0; path = ClassExtension; sourceTree = BUILT_PRODUCTS_DIR; };
		CC07E15D1BE77C4B00FCEA13 /* main.m */ = {isa = PBXFileReference; lastKnownFileType = sourcecode.c.objc; path = main.m; sourceTree = "<group>"; };
		CC07E1641BE77C6200FCEA13 /* Person.h */ = {isa = PBXFileReference; fileEncoding = 4; lastKnownFileType = sourcecode.c.h; path = Person.h; sourceTree = "<group>"; };
		CC07E1651BE77C6200FCEA13 /* Person.m */ = {isa = PBXFileReference; fileEncoding = 4; lastKnownFileType = sourcecode.c.objc; path = Person.m; sourceTree = "<group>"; };
/* End PBXFileReference section */

/* Begin PBXFrameworksBuildPhase section */
		CC07E1571BE77C4B00FCEA13 /* Frameworks */ = {
			isa = PBXFrameworksBuildPhase;
			buildActionMask = 2147483647;
			files = (
			);
			runOnlyForDeploymentPostprocessing = 0;
		};
/* End PBXFrameworksBuildPhase section */

/* Begin PBXGroup section */
		CC07E1511BE77C4B00FCEA13 = {
			isa = PBXGroup;
			children = (
				CC07E15C1BE77C4B00FCEA13 /* ClassExtension */,
				CC07E15B1BE77C4B00FCEA13 /* Products */,
			);
			sourceTree = "<group>";
		};
		CC07E15B1BE77C4B00FCEA13 /* Products */ = {
			isa = PBXGroup;
			children = (
				CC07E15A1BE77C4B00FCEA13 /* ClassExtension */,
			);
			name = Products;
			sourceTree = "<group>";
		};
		CC07E15C1BE77C4B00FCEA13 /* ClassExtension */ = {
			isa = PBXGroup;
			children = (
				CC07E15D1BE77C4B00FCEA13 /* main.m */,
				CC07E1641BE77C6200FCEA13 /* Person.h */,
				CC07E1651BE77C6200FCEA13 /* Person.m */,
			);
			path = ClassExtension;
			sourceTree = "<group>";
		};
/* End PBXGroup section */

/* Begin PBXNativeTarget section */
		CC07E1591BE77C4B00FCEA13 /* ClassExtension */ = {
			isa = PBXNativeTarget;
			buildConfigurationList = CC07E1611BE77C4B00FCEA13 /* Build configuration list for PBXNativeTarget "ClassExtension" */;
			buildPhases = (
				CC07E1561BE77C4B00FCEA13 /* Sources */,
				CC07E1571BE77C4B00FCEA13 /* Frameworks */,
				CC07E1581BE77C4B00FCEA13 /* CopyFiles */,
			);
			buildRules = (
			);
			dependencies = (
			);
			name = ClassExtension;
			productName = ClassExtension;
			productReference = CC07E15A1BE77C4B00FCEA13 /* ClassExtension */;
			productType = "com.apple.product-type.tool";
		};
/* End PBXNativeTarget section */

/* Begin PBXProject section */
		CC07E1521BE77C4B00FCEA13 /* Project object */ = {
			isa = PBXProject;
			attributes = {
				LastUpgradeCheck = 0640;
				ORGANIZATIONNAME = hnqingyun.com;
				TargetAttributes = {
					CC07E1591BE77C4B00FCEA13 = {
						CreatedOnToolsVersion = 6.4;
					};
				};
			};
			buildConfigurationList = CC07E1551BE77C4B00FCEA13 /* Build configuration list for PBXProject "ClassExtension" */;
			compatibilityVersion = "Xcode 3.2";
			developmentRegion = English;
			hasScannedForEncodings = 0;
			knownRegions = (
				en,
			);
			mainGroup = CC07E1511BE77C4B00FCEA13;
			productRefGroup = CC07E15B1BE77C4B00FCEA13 /* Products */;
			projectDirPath = "";
			projectRoot = "";
			targets = (
				CC07E1591BE77C4B00FCEA13 /* ClassExtension */,
			);
		};
/* End PBXProject section */

/* Begin PBXSourcesBuildPhase section */
		CC07E1561BE77C4B00FCEA13 /* Sources */ = {
			isa = PBXSourcesBuildPhase;
			buildActionMask = 2147483647;
			files = (
				CC07E1661BE77C6200FCEA13 /* Person.m in Sources */,
				CC07E15E1BE77C4B00FCEA13 /* main.m in Sources */,
			);
			runOnlyForDeploymentPostprocessing = 0;
		};
/* End PBXSourcesBuildPhase section */

/* Begin XCBuildConfiguration section */
		CC07E15F1BE77C4B00FCEA13 /* Debug */ = {
			isa = XCBuildConfiguration;
			buildSettings = {
				ALWAYS_SEARCH_USER_PATHS = NO;
				CLANG_CXX_LANGUAGE_STANDARD = "gnu++0x";
				CLANG_CXX_LIBRARY = "libc++";
				CLANG_ENABLE_MODULES = YES;
				CLANG_ENABLE_OBJC_ARC = YES;
				CLANG_WARN_BOOL_CONVERSION = YES;
				CLANG_WARN_CONSTANT_CONVERSION = YES;
				CLANG_WARN_DIRECT_OBJC_ISA_USAGE = YES_ERROR;
				CLANG_WARN_EMPTY_BODY = YES;
				CLANG_WARN_ENUM_CONVERSION = YES;
				CLANG_WARN_INT_CONVERSION = YES;
				CLANG_WARN_OBJC_ROOT_CLASS = YES_ERROR;
				CLANG_WARN_UNREACHABLE_CODE = YES;
				CLANG_WARN__DUPLICATE_METHOD_MATCH = YES;
				COPY_PHASE_STRIP = NO;
				DEBUG_INFORMATION_FORMAT = dwarf;
				ENABLE_STRICT_OBJC_MSGSEND = YES;
				GCC_C_LANGUAGE_STANDARD = gnu99;
				GCC_DYNAMIC_NO_PIC = NO;
				GCC_NO_COMMON_BLOCKS = YES;
				GCC_OPTIMIZATION_LEVEL = 0;
				GCC_PREPROCESSOR_DEFINITIONS = (
					"DEBUG=1",
					"$(inherited)",
				);
				GCC_SYMBOLS_PRIVATE_EXTERN = NO;
				GCC_WARN_64_TO_32_BIT_CONVERSION = YES;
				GCC_WARN_ABOUT_RETURN_TYPE = YES_ERROR;
				GCC_WARN_UNDECLARED_SELECTOR = YES;
				GCC_WARN_UNINITIALIZED_AUTOS = YES_AGGRESSIVE;
				GCC_WARN_UNUSED_FUNCTION = YES;
				GCC_WARN_UNUSED_VARIABLE = YES;
				MACOSX_DEPLOYMENT_TARGET = 10.10;
				MTL_ENABLE_DEBUG_INFO = YES;
				ONLY_ACTIVE_ARCH = YES;
				SDKROOT = macosx;
			};
			name = Debug;
		};
		CC07E1601BE77C4B00FCEA13 /* Release */ = {
			isa = XCBuildConfiguration;
			buildSettings = {
				ALWAYS_SEARCH_USER_PATHS = NO;
				CLANG_CXX_LANGUAGE_STANDARD = "gnu++0x";
				CLANG_CXX_LIBRARY = "libc++";
				CLANG_ENABLE_MODULES = YES;
				CLANG_ENABLE_OBJC_ARC = YES;
				CLANG_WARN_BOOL_CONVERSION = YES;
				CLANG_WARN_CONSTANT_CONVERSION = YES;
				CLANG_WARN_DIRECT_OBJC_ISA_USAGE = YES_ERROR;
				CLANG_WARN_EMPTY_BODY = YES;
				CLANG_WARN_ENUM_CONVERSION = YES;
				CLANG_WARN_INT_CONVERSION = YES;
				CLANG_WARN_OBJC_ROOT_CLASS = YES_ERROR;
				CLANG_WARN_UNREACHABLE_CODE = YES;
				CLANG_WARN__DUPLICATE_METHOD_MATCH = YES;
				COPY_PHASE_STRIP = NO;
				DEBUG_INFORMATION_FORMAT = "dwarf-with-dsym";
				ENABLE_NS_ASSERTIONS = NO;
				ENABLE_STRICT_OBJC_MSGSEND = YES;
				GCC_C_LANGUAGE_STANDARD = gnu99;
				GCC_NO_COMMON_BLOCKS = YES;
				GCC_WARN_64_TO_32_BIT_CONVERSION = YES;
				GCC_WARN_ABOUT_RETURN_TYPE = YES_ERROR;
				GCC_WARN_UNDECLARED_SELECTOR = YES;
				GCC_WARN_UNINITIALIZED_AUTOS = YES_AGGRESSIVE;
				GCC_WARN_UNUSED_FUNCTION = YES;
				GCC_WARN_UNUSED_VARIABLE = YES;
				MACOSX_DEPLOYMENT_TARGET = 10.10;
				MTL_ENABLE_DEBUG_INFO = NO;
				SDKROOT = macosx;
			};
			name = Release;
		};
		CC07E1621BE77C4B00FCEA13 /* Debug */ = {
			isa = XCBuildConfiguration;
			buildSettings = {
				PRODUCT_NAME = "$(TARGET_NAME)";
			};
			name = Debug;
		};
		CC07E1631BE77C4B00FCEA13 /* Release */ = {
			isa = XCBuildConfiguration;
			buildSettings = {
				PRODUCT_NAME = "$(TARGET_NAME)";
			};
			name = Release;
		};
/* End XCBuildConfiguration section */

/* Begin XCConfigurationList section */
		CC07E1551BE77C4B00FCEA13 /* Build configuration list for PBXProject "ClassExtension" */ = {
			isa = XCConfigurationList;
			buildConfigurations = (
				CC07E15F1BE77C4B00FCEA13 /* Debug */,
				CC07E1601BE77C4B00FCEA13 /* Release */,
			);
			defaultConfigurationIsVisible = 0;
			defaultConfigurationName = Release;
		};
		CC07E1611BE77C4B00FCEA13 /* Build configuration list for PBXNativeTarget "ClassExtension" */ = {
			isa = XCConfigurationList;
			buildConfigurations = (
				CC07E1621BE77C4B00FCEA13 /* Debug */,
				CC07E1631BE77C4B00FCEA13 /* Release */,
			);
			defaultConfigurationIsVisible = 0;
		};
/* End XCConfigurationList section */
	};
	rootObject = CC07E1521BE77C4B00FCEA13 /* Project object */;
}
