// !$*UTF8*$!
{
	archiveVersion = 1;
	classes = {
	};
	objectVersion = 46;
	objects = {

/* Begin PBXBuildFile section */
		CCAD69DC1BEB3BB7008E4DD9 /* main.m in Sources */ = {isa = PBXBuildFile; fileRef = CCAD69DB1BEB3BB7008E4DD9 /* main.m */; };
		CCAD69E41BEB3C37008E4DD9 /* Car.m in Sources */ = {isa = PBXBuildFile; fileRef = CCAD69E31BEB3C37008E4DD9 /* Car.m */; };
		CCAD69E71BEB3E0A008E4DD9 /* QYMath.m in Sources */ = {isa = PBXBuildFile; fileRef = CCAD69E61BEB3E0A008E4DD9 /* QYMath.m */; };
/* End PBXBuildFile section */

/* Begin PBXCopyFilesBuildPhase section */
		CCAD69D61BEB3BB7008E4DD9 /* CopyFiles */ = {
			isa = PBXCopyFilesBuildPhase;
			buildActionMask = 2147483647;
			dstPath = /usr/share/man/man1/;
			dstSubfolderSpec = 0;
			files = (
			);
			runOnlyForDeploymentPostprocessing = 1;
		};
/* End PBXCopyFilesBuildPhase section */

/* Begin PBXFileReference section */
		CCAD69D81BEB3BB7008E4DD9 /* 回调 */ = {isa = PBXFileReference; explicitFileType = "compiled.mach-o.executable"; includeInIndex = 0; path = "回调"; sourceTree = BUILT_PRODUCTS_DIR; };
		CCAD69DB1BEB3BB7008E4DD9 /* main.m */ = {isa = PBXFileReference; lastKnownFileType = sourcecode.c.objc; path = main.m; sourceTree = "<group>"; };
		CCAD69E21BEB3C37008E4DD9 /* Car.h */ = {isa = PBXFileReference; fileEncoding = 4; lastKnownFileType = sourcecode.c.h; name = Car.h; path = ../../Blocks/Blocks/Car.h; sourceTree = "<group>"; };
		CCAD69E31BEB3C37008E4DD9 /* Car.m */ = {isa = PBXFileReference; fileEncoding = 4; lastKnownFileType = sourcecode.c.objc; name = Car.m; path = ../../Blocks/Blocks/Car.m; sourceTree = "<group>"; };
		CCAD69E51BEB3E0A008E4DD9 /* QYMath.h */ = {isa = PBXFileReference; fileEncoding = 4; lastKnownFileType = sourcecode.c.h; name = QYMath.h; path = "../../Block的内联用法/Block的内联用法/QYMath.h"; sourceTree = "<group>"; };
		CCAD69E61BEB3E0A008E4DD9 /* QYMath.m */ = {isa = PBXFileReference; fileEncoding = 4; lastKnownFileType = sourcecode.c.objc; name = QYMath.m; path = "../../Block的内联用法/Block的内联用法/QYMath.m"; sourceTree = "<group>"; };
/* End PBXFileReference section */

/* Begin PBXFrameworksBuildPhase section */
		CCAD69D51BEB3BB7008E4DD9 /* Frameworks */ = {
			isa = PBXFrameworksBuildPhase;
			buildActionMask = 2147483647;
			files = (
			);
			runOnlyForDeploymentPostprocessing = 0;
		};
/* End PBXFrameworksBuildPhase section */

/* Begin PBXGroup section */
		CCAD69CF1BEB3BB7008E4DD9 = {
			isa = PBXGroup;
			children = (
				CCAD69DA1BEB3BB7008E4DD9 /* 回调 */,
				CCAD69D91BEB3BB7008E4DD9 /* Products */,
			);
			sourceTree = "<group>";
		};
		CCAD69D91BEB3BB7008E4DD9 /* Products */ = {
			isa = PBXGroup;
			children = (
				CCAD69D81BEB3BB7008E4DD9 /* 回调 */,
			);
			name = Products;
			sourceTree = "<group>";
		};
		CCAD69DA1BEB3BB7008E4DD9 /* 回调 */ = {
			isa = PBXGroup;
			children = (
				CCAD69DB1BEB3BB7008E4DD9 /* main.m */,
				CCAD69E51BEB3E0A008E4DD9 /* QYMath.h */,
				CCAD69E61BEB3E0A008E4DD9 /* QYMath.m */,
				CCAD69E21BEB3C37008E4DD9 /* Car.h */,
				CCAD69E31BEB3C37008E4DD9 /* Car.m */,
			);
			path = "回调";
			sourceTree = "<group>";
		};
/* End PBXGroup section */

/* Begin PBXNativeTarget section */
		CCAD69D71BEB3BB7008E4DD9 /* 回调 */ = {
			isa = PBXNativeTarget;
			buildConfigurationList = CCAD69DF1BEB3BB7008E4DD9 /* Build configuration list for PBXNativeTarget "回调" */;
			buildPhases = (
				CCAD69D41BEB3BB7008E4DD9 /* Sources */,
				CCAD69D51BEB3BB7008E4DD9 /* Frameworks */,
				CCAD69D61BEB3BB7008E4DD9 /* CopyFiles */,
			);
			buildRules = (
			);
			dependencies = (
			);
			name = "回调";
			productName = "回调";
			productReference = CCAD69D81BEB3BB7008E4DD9 /* 回调 */;
			productType = "com.apple.product-type.tool";
		};
/* End PBXNativeTarget section */

/* Begin PBXProject section */
		CCAD69D01BEB3BB7008E4DD9 /* Project object */ = {
			isa = PBXProject;
			attributes = {
				LastUpgradeCheck = 0640;
				ORGANIZATIONNAME = hnqingyun.com;
				TargetAttributes = {
					CCAD69D71BEB3BB7008E4DD9 = {
						CreatedOnToolsVersion = 6.4;
					};
				};
			};
			buildConfigurationList = CCAD69D31BEB3BB7008E4DD9 /* Build configuration list for PBXProject "回调" */;
			compatibilityVersion = "Xcode 3.2";
			developmentRegion = English;
			hasScannedForEncodings = 0;
			knownRegions = (
				en,
			);
			mainGroup = CCAD69CF1BEB3BB7008E4DD9;
			productRefGroup = CCAD69D91BEB3BB7008E4DD9 /* Products */;
			projectDirPath = "";
			projectRoot = "";
			targets = (
				CCAD69D71BEB3BB7008E4DD9 /* 回调 */,
			);
		};
/* End PBXProject section */

/* Begin PBXSourcesBuildPhase section */
		CCAD69D41BEB3BB7008E4DD9 /* Sources */ = {
			isa = PBXSourcesBuildPhase;
			buildActionMask = 2147483647;
			files = (
				CCAD69E41BEB3C37008E4DD9 /* Car.m in Sources */,
				CCAD69DC1BEB3BB7008E4DD9 /* main.m in Sources */,
				CCAD69E71BEB3E0A008E4DD9 /* QYMath.m in Sources */,
			);
			runOnlyForDeploymentPostprocessing = 0;
		};
/* End PBXSourcesBuildPhase section */

/* Begin XCBuildConfiguration section */
		CCAD69DD1BEB3BB7008E4DD9 /* Debug */ = {
			isa = XCBuildConfiguration;
			buildSettings = {
				ALWAYS_SEARCH_USER_PATHS = NO;
				CLANG_CXX_LANGUAGE_STANDARD = "gnu++0x";
				CLANG_CXX_LIBRARY = "libc++";
				CLANG_ENABLE_MODULES = YES;
				CLANG_ENABLE_OBJC_ARC = YES;
				CLANG_WARN_BOOL_CONVERSION = YES;
				CLANG_WARN_CONSTANT_CONVERSION = YES;
				CLANG_WARN_DIRECT_OBJC_ISA_USAGE = YES_ERROR;
				CLANG_WARN_EMPTY_BODY = YES;
				CLANG_WARN_ENUM_CONVERSION = YES;
				CLANG_WARN_INT_CONVERSION = YES;
				CLANG_WARN_OBJC_ROOT_CLASS = YES_ERROR;
				CLANG_WARN_UNREACHABLE_CODE = YES;
				CLANG_WARN__DUPLICATE_METHOD_MATCH = YES;
				COPY_PHASE_STRIP = NO;
				DEBUG_INFORMATION_FORMAT = dwarf;
				ENABLE_STRICT_OBJC_MSGSEND = YES;
				GCC_C_LANGUAGE_STANDARD = gnu99;
				GCC_DYNAMIC_NO_PIC = NO;
				GCC_NO_COMMON_BLOCKS = YES;
				GCC_OPTIMIZATION_LEVEL = 0;
				GCC_PREPROCESSOR_DEFINITIONS = (
					"DEBUG=1",
					"$(inherited)",
				);
				GCC_SYMBOLS_PRIVATE_EXTERN = NO;
				GCC_WARN_64_TO_32_BIT_CONVERSION = YES;
				GCC_WARN_ABOUT_RETURN_TYPE = YES_ERROR;
				GCC_WARN_UNDECLARED_SELECTOR = YES;
				GCC_WARN_UNINITIALIZED_AUTOS = YES_AGGRESSIVE;
				GCC_WARN_UNUSED_FUNCTION = YES;
				GCC_WARN_UNUSED_VARIABLE = YES;
				MACOSX_DEPLOYMENT_TARGET = 10.10;
				MTL_ENABLE_DEBUG_INFO = YES;
				ONLY_ACTIVE_ARCH = YES;
				SDKROOT = macosx;
			};
			name = Debug;
		};
		CCAD69DE1BEB3BB7008E4DD9 /* Release */ = {
			isa = XCBuildConfiguration;
			buildSettings = {
				ALWAYS_SEARCH_USER_PATHS = NO;
				CLANG_CXX_LANGUAGE_STANDARD = "gnu++0x";
				CLANG_CXX_LIBRARY = "libc++";
				CLANG_ENABLE_MODULES = YES;
				CLANG_ENABLE_OBJC_ARC = YES;
				CLANG_WARN_BOOL_CONVERSION = YES;
				CLANG_WARN_CONSTANT_CONVERSION = YES;
				CLANG_WARN_DIRECT_OBJC_ISA_USAGE = YES_ERROR;
				CLANG_WARN_EMPTY_BODY = YES;
				CLANG_WARN_ENUM_CONVERSION = YES;
				CLANG_WARN_INT_CONVERSION = YES;
				CLANG_WARN_OBJC_ROOT_CLASS = YES_ERROR;
				CLANG_WARN_UNREACHABLE_CODE = YES;
				CLANG_WARN__DUPLICATE_METHOD_MATCH = YES;
				COPY_PHASE_STRIP = NO;
				DEBUG_INFORMATION_FORMAT = "dwarf-with-dsym";
				ENABLE_NS_ASSERTIONS = NO;
				ENABLE_STRICT_OBJC_MSGSEND = YES;
				GCC_C_LANGUAGE_STANDARD = gnu99;
				GCC_NO_COMMON_BLOCKS = YES;
				GCC_WARN_64_TO_32_BIT_CONVERSION = YES;
				GCC_WARN_ABOUT_RETURN_TYPE = YES_ERROR;
				GCC_WARN_UNDECLARED_SELECTOR = YES;
				GCC_WARN_UNINITIALIZED_AUTOS = YES_AGGRESSIVE;
				GCC_WARN_UNUSED_FUNCTION = YES;
				GCC_WARN_UNUSED_VARIABLE = YES;
				MACOSX_DEPLOYMENT_TARGET = 10.10;
				MTL_ENABLE_DEBUG_INFO = NO;
				SDKROOT = macosx;
			};
			name = Release;
		};
		CCAD69E01BEB3BB7008E4DD9 /* Debug */ = {
			isa = XCBuildConfiguration;
			buildSettings = {
				PRODUCT_NAME = "$(TARGET_NAME)";
			};
			name = Debug;
		};
		CCAD69E11BEB3BB7008E4DD9 /* Release */ = {
			isa = XCBuildConfiguration;
			buildSettings = {
				PRODUCT_NAME = "$(TARGET_NAME)";
			};
			name = Release;
		};
/* End XCBuildConfiguration section */

/* Begin XCConfigurationList section */
		CCAD69D31BEB3BB7008E4DD9 /* Build configuration list for PBXProject "回调" */ = {
			isa = XCConfigurationList;
			buildConfigurations = (
				CCAD69DD1BEB3BB7008E4DD9 /* Debug */,
				CCAD69DE1BEB3BB7008E4DD9 /* Release */,
			);
			defaultConfigurationIsVisible = 0;
			defaultConfigurationName = Release;
		};
		CCAD69DF1BEB3BB7008E4DD9 /* Build configuration list for PBXNativeTarget "回调" */ = {
			isa = XCConfigurationList;
			buildConfigurations = (
				CCAD69E01BEB3BB7008E4DD9 /* Debug */,
				CCAD69E11BEB3BB7008E4DD9 /* Release */,
			);
			defaultConfigurationIsVisible = 0;
		};
/* End XCConfigurationList section */
	};
	rootObject = CCAD69D01BEB3BB7008E4DD9 /* Project object */;
}
