// !$*UTF8*$!
{
	archiveVersion = 1;
	classes = {
	};
	objectVersion = 46;
	objects = {

/* Begin PBXBuildFile section */
		CC9060961BE84856009C2A74 /* main.m in Sources */ = {isa = PBXBuildFile; fileRef = CC9060951BE84856009C2A74 /* main.m */; };
		CC90609E1BE8487C009C2A74 /* QYManager.m in Sources */ = {isa = PBXBuildFile; fileRef = CC90609D1BE8487C009C2A74 /* QYManager.m */; };
		CC9060A11BE848AC009C2A74 /* QYSecretary.m in Sources */ = {isa = PBXBuildFile; fileRef = CC9060A01BE848AC009C2A74 /* QYSecretary.m */; };
		CC9060AA1BE85067009C2A74 /* NSObject+Secretary.m in Sources */ = {isa = PBXBuildFile; fileRef = CC9060A91BE85067009C2A74 /* NSObject+Secretary.m */; };
/* End PBXBuildFile section */

/* Begin PBXCopyFilesBuildPhase section */
		CC9060901BE84856009C2A74 /* CopyFiles */ = {
			isa = PBXCopyFilesBuildPhase;
			buildActionMask = 2147483647;
			dstPath = /usr/share/man/man1/;
			dstSubfolderSpec = 0;
			files = (
			);
			runOnlyForDeploymentPostprocessing = 1;
		};
/* End PBXCopyFilesBuildPhase section */

/* Begin PBXFileReference section */
		CC9060921BE84856009C2A74 /* 委托 */ = {isa = PBXFileReference; explicitFileType = "compiled.mach-o.executable"; includeInIndex = 0; path = "委托"; sourceTree = BUILT_PRODUCTS_DIR; };
		CC9060951BE84856009C2A74 /* main.m */ = {isa = PBXFileReference; lastKnownFileType = sourcecode.c.objc; path = main.m; sourceTree = "<group>"; };
		CC90609C1BE8487C009C2A74 /* QYManager.h */ = {isa = PBXFileReference; fileEncoding = 4; lastKnownFileType = sourcecode.c.h; path = QYManager.h; sourceTree = "<group>"; };
		CC90609D1BE8487C009C2A74 /* QYManager.m */ = {isa = PBXFileReference; fileEncoding = 4; lastKnownFileType = sourcecode.c.objc; path = QYManager.m; sourceTree = "<group>"; };
		CC90609F1BE848AC009C2A74 /* QYSecretary.h */ = {isa = PBXFileReference; fileEncoding = 4; lastKnownFileType = sourcecode.c.h; path = QYSecretary.h; sourceTree = "<group>"; };
		CC9060A01BE848AC009C2A74 /* QYSecretary.m */ = {isa = PBXFileReference; fileEncoding = 4; lastKnownFileType = sourcecode.c.objc; path = QYSecretary.m; sourceTree = "<group>"; };
		CC9060A81BE85067009C2A74 /* NSObject+Secretary.h */ = {isa = PBXFileReference; fileEncoding = 4; lastKnownFileType = sourcecode.c.h; path = "NSObject+Secretary.h"; sourceTree = "<group>"; };
		CC9060A91BE85067009C2A74 /* NSObject+Secretary.m */ = {isa = PBXFileReference; fileEncoding = 4; lastKnownFileType = sourcecode.c.objc; path = "NSObject+Secretary.m"; sourceTree = "<group>"; };
/* End PBXFileReference section */

/* Begin PBXFrameworksBuildPhase section */
		CC90608F1BE84856009C2A74 /* Frameworks */ = {
			isa = PBXFrameworksBuildPhase;
			buildActionMask = 2147483647;
			files = (
			);
			runOnlyForDeploymentPostprocessing = 0;
		};
/* End PBXFrameworksBuildPhase section */

/* Begin PBXGroup section */
		CC9060891BE84856009C2A74 = {
			isa = PBXGroup;
			children = (
				CC9060941BE84856009C2A74 /* 委托 */,
				CC9060931BE84856009C2A74 /* Products */,
			);
			sourceTree = "<group>";
		};
		CC9060931BE84856009C2A74 /* Products */ = {
			isa = PBXGroup;
			children = (
				CC9060921BE84856009C2A74 /* 委托 */,
			);
			name = Products;
			sourceTree = "<group>";
		};
		CC9060941BE84856009C2A74 /* 委托 */ = {
			isa = PBXGroup;
			children = (
				CC9060951BE84856009C2A74 /* main.m */,
				CC90609C1BE8487C009C2A74 /* QYManager.h */,
				CC90609D1BE8487C009C2A74 /* QYManager.m */,
				CC90609F1BE848AC009C2A74 /* QYSecretary.h */,
				CC9060A01BE848AC009C2A74 /* QYSecretary.m */,
				CC9060A81BE85067009C2A74 /* NSObject+Secretary.h */,
				CC9060A91BE85067009C2A74 /* NSObject+Secretary.m */,
			);
			path = "委托";
			sourceTree = "<group>";
		};
/* End PBXGroup section */

/* Begin PBXNativeTarget section */
		CC9060911BE84856009C2A74 /* 委托 */ = {
			isa = PBXNativeTarget;
			buildConfigurationList = CC9060991BE84856009C2A74 /* Build configuration list for PBXNativeTarget "委托" */;
			buildPhases = (
				CC90608E1BE84856009C2A74 /* Sources */,
				CC90608F1BE84856009C2A74 /* Frameworks */,
				CC9060901BE84856009C2A74 /* CopyFiles */,
			);
			buildRules = (
			);
			dependencies = (
			);
			name = "委托";
			productName = "委托";
			productReference = CC9060921BE84856009C2A74 /* 委托 */;
			productType = "com.apple.product-type.tool";
		};
/* End PBXNativeTarget section */

/* Begin PBXProject section */
		CC90608A1BE84856009C2A74 /* Project object */ = {
			isa = PBXProject;
			attributes = {
				LastUpgradeCheck = 0640;
				ORGANIZATIONNAME = hnqingyun.com;
				TargetAttributes = {
					CC9060911BE84856009C2A74 = {
						CreatedOnToolsVersion = 6.4;
					};
				};
			};
			buildConfigurationList = CC90608D1BE84856009C2A74 /* Build configuration list for PBXProject "委托" */;
			compatibilityVersion = "Xcode 3.2";
			developmentRegion = English;
			hasScannedForEncodings = 0;
			knownRegions = (
				en,
			);
			mainGroup = CC9060891BE84856009C2A74;
			productRefGroup = CC9060931BE84856009C2A74 /* Products */;
			projectDirPath = "";
			projectRoot = "";
			targets = (
				CC9060911BE84856009C2A74 /* 委托 */,
			);
		};
/* End PBXProject section */

/* Begin PBXSourcesBuildPhase section */
		CC90608E1BE84856009C2A74 /* Sources */ = {
			isa = PBXSourcesBuildPhase;
			buildActionMask = 2147483647;
			files = (
				CC9060AA1BE85067009C2A74 /* NSObject+Secretary.m in Sources */,
				CC9060961BE84856009C2A74 /* main.m in Sources */,
				CC9060A11BE848AC009C2A74 /* QYSecretary.m in Sources */,
				CC90609E1BE8487C009C2A74 /* QYManager.m in Sources */,
			);
			runOnlyForDeploymentPostprocessing = 0;
		};
/* End PBXSourcesBuildPhase section */

/* Begin XCBuildConfiguration section */
		CC9060971BE84856009C2A74 /* Debug */ = {
			isa = XCBuildConfiguration;
			buildSettings = {
				ALWAYS_SEARCH_USER_PATHS = NO;
				CLANG_CXX_LANGUAGE_STANDARD = "gnu++0x";
				CLANG_CXX_LIBRARY = "libc++";
				CLANG_ENABLE_MODULES = YES;
				CLANG_ENABLE_OBJC_ARC = YES;
				CLANG_WARN_BOOL_CONVERSION = YES;
				CLANG_WARN_CONSTANT_CONVERSION = YES;
				CLANG_WARN_DIRECT_OBJC_ISA_USAGE = YES_ERROR;
				CLANG_WARN_EMPTY_BODY = YES;
				CLANG_WARN_ENUM_CONVERSION = YES;
				CLANG_WARN_INT_CONVERSION = YES;
				CLANG_WARN_OBJC_ROOT_CLASS = YES_ERROR;
				CLANG_WARN_UNREACHABLE_CODE = YES;
				CLANG_WARN__DUPLICATE_METHOD_MATCH = YES;
				COPY_PHASE_STRIP = NO;
				DEBUG_INFORMATION_FORMAT = dwarf;
				ENABLE_STRICT_OBJC_MSGSEND = YES;
				GCC_C_LANGUAGE_STANDARD = gnu99;
				GCC_DYNAMIC_NO_PIC = NO;
				GCC_NO_COMMON_BLOCKS = YES;
				GCC_OPTIMIZATION_LEVEL = 0;
				GCC_PREPROCESSOR_DEFINITIONS = (
					"DEBUG=1",
					"$(inherited)",
				);
				GCC_SYMBOLS_PRIVATE_EXTERN = NO;
				GCC_WARN_64_TO_32_BIT_CONVERSION = YES;
				GCC_WARN_ABOUT_RETURN_TYPE = YES_ERROR;
				GCC_WARN_UNDECLARED_SELECTOR = YES;
				GCC_WARN_UNINITIALIZED_AUTOS = YES_AGGRESSIVE;
				GCC_WARN_UNUSED_FUNCTION = YES;
				GCC_WARN_UNUSED_VARIABLE = YES;
				MACOSX_DEPLOYMENT_TARGET = 10.10;
				MTL_ENABLE_DEBUG_INFO = YES;
				ONLY_ACTIVE_ARCH = YES;
				SDKROOT = macosx;
			};
			name = Debug;
		};
		CC9060981BE84856009C2A74 /* Release */ = {
			isa = XCBuildConfiguration;
			buildSettings = {
				ALWAYS_SEARCH_USER_PATHS = NO;
				CLANG_CXX_LANGUAGE_STANDARD = "gnu++0x";
				CLANG_CXX_LIBRARY = "libc++";
				CLANG_ENABLE_MODULES = YES;
				CLANG_ENABLE_OBJC_ARC = YES;
				CLANG_WARN_BOOL_CONVERSION = YES;
				CLANG_WARN_CONSTANT_CONVERSION = YES;
				CLANG_WARN_DIRECT_OBJC_ISA_USAGE = YES_ERROR;
				CLANG_WARN_EMPTY_BODY = YES;
				CLANG_WARN_ENUM_CONVERSION = YES;
				CLANG_WARN_INT_CONVERSION = YES;
				CLANG_WARN_OBJC_ROOT_CLASS = YES_ERROR;
				CLANG_WARN_UNREACHABLE_CODE = YES;
				CLANG_WARN__DUPLICATE_METHOD_MATCH = YES;
				COPY_PHASE_STRIP = NO;
				DEBUG_INFORMATION_FORMAT = "dwarf-with-dsym";
				ENABLE_NS_ASSERTIONS = NO;
				ENABLE_STRICT_OBJC_MSGSEND = YES;
				GCC_C_LANGUAGE_STANDARD = gnu99;
				GCC_NO_COMMON_BLOCKS = YES;
				GCC_WARN_64_TO_32_BIT_CONVERSION = YES;
				GCC_WARN_ABOUT_RETURN_TYPE = YES_ERROR;
				GCC_WARN_UNDECLARED_SELECTOR = YES;
				GCC_WARN_UNINITIALIZED_AUTOS = YES_AGGRESSIVE;
				GCC_WARN_UNUSED_FUNCTION = YES;
				GCC_WARN_UNUSED_VARIABLE = YES;
				MACOSX_DEPLOYMENT_TARGET = 10.10;
				MTL_ENABLE_DEBUG_INFO = NO;
				SDKROOT = macosx;
			};
			name = Release;
		};
		CC90609A1BE84856009C2A74 /* Debug */ = {
			isa = XCBuildConfiguration;
			buildSettings = {
				PRODUCT_NAME = "$(TARGET_NAME)";
			};
			name = Debug;
		};
		CC90609B1BE84856009C2A74 /* Release */ = {
			isa = XCBuildConfiguration;
			buildSettings = {
				PRODUCT_NAME = "$(TARGET_NAME)";
			};
			name = Release;
		};
/* End XCBuildConfiguration section */

/* Begin XCConfigurationList section */
		CC90608D1BE84856009C2A74 /* Build configuration list for PBXProject "委托" */ = {
			isa = XCConfigurationList;
			buildConfigurations = (
				CC9060971BE84856009C2A74 /* Debug */,
				CC9060981BE84856009C2A74 /* Release */,
			);
			defaultConfigurationIsVisible = 0;
			defaultConfigurationName = Release;
		};
		CC9060991BE84856009C2A74 /* Build configuration list for PBXNativeTarget "委托" */ = {
			isa = XCConfigurationList;
			buildConfigurations = (
				CC90609A1BE84856009C2A74 /* Debug */,
				CC90609B1BE84856009C2A74 /* Release */,
			);
			defaultConfigurationIsVisible = 0;
		};
/* End XCConfigurationList section */
	};
	rootObject = CC90608A1BE84856009C2A74 /* Project object */;
}
