// !$*UTF8*$!
{
	archiveVersion = 1;
	classes = {
	};
	objectVersion = 46;
	objects = {

/* Begin PBXBuildFile section */
		CC551BD21BDB99E5008E59DF /* main.m in Sources */ = {isa = PBXBuildFile; fileRef = CC551BD11BDB99E5008E59DF /* main.m */; };
		CC551BDA1BDB9A03008E59DF /* QYTeacher.m in Sources */ = {isa = PBXBuildFile; fileRef = CC551BD91BDB9A03008E59DF /* QYTeacher.m */; };
		CC551BDD1BDB9D29008E59DF /* QYStudent.m in Sources */ = {isa = PBXBuildFile; fileRef = CC551BDC1BDB9D29008E59DF /* QYStudent.m */; };
		CC551BE01BDBA017008E59DF /* QYTrainingClass.m in Sources */ = {isa = PBXBuildFile; fileRef = CC551BDF1BDBA017008E59DF /* QYTrainingClass.m */; };
/* End PBXBuildFile section */

/* Begin PBXCopyFilesBuildPhase section */
		CC551BCC1BDB99E5008E59DF /* CopyFiles */ = {
			isa = PBXCopyFilesBuildPhase;
			buildActionMask = 2147483647;
			dstPath = /usr/share/man/man1/;
			dstSubfolderSpec = 0;
			files = (
			);
			runOnlyForDeploymentPostprocessing = 1;
		};
/* End PBXCopyFilesBuildPhase section */

/* Begin PBXFileReference section */
		CC551BCE1BDB99E5008E59DF /* 作业 */ = {isa = PBXFileReference; explicitFileType = "compiled.mach-o.executable"; includeInIndex = 0; path = "作业"; sourceTree = BUILT_PRODUCTS_DIR; };
		CC551BD11BDB99E5008E59DF /* main.m */ = {isa = PBXFileReference; lastKnownFileType = sourcecode.c.objc; path = main.m; sourceTree = "<group>"; };
		CC551BD81BDB9A03008E59DF /* QYTeacher.h */ = {isa = PBXFileReference; fileEncoding = 4; lastKnownFileType = sourcecode.c.h; path = QYTeacher.h; sourceTree = "<group>"; };
		CC551BD91BDB9A03008E59DF /* QYTeacher.m */ = {isa = PBXFileReference; fileEncoding = 4; lastKnownFileType = sourcecode.c.objc; path = QYTeacher.m; sourceTree = "<group>"; };
		CC551BDB1BDB9D29008E59DF /* QYStudent.h */ = {isa = PBXFileReference; fileEncoding = 4; lastKnownFileType = sourcecode.c.h; path = QYStudent.h; sourceTree = "<group>"; };
		CC551BDC1BDB9D29008E59DF /* QYStudent.m */ = {isa = PBXFileReference; fileEncoding = 4; lastKnownFileType = sourcecode.c.objc; path = QYStudent.m; sourceTree = "<group>"; };
		CC551BDE1BDBA017008E59DF /* QYTrainingClass.h */ = {isa = PBXFileReference; fileEncoding = 4; lastKnownFileType = sourcecode.c.h; path = QYTrainingClass.h; sourceTree = "<group>"; };
		CC551BDF1BDBA017008E59DF /* QYTrainingClass.m */ = {isa = PBXFileReference; fileEncoding = 4; lastKnownFileType = sourcecode.c.objc; path = QYTrainingClass.m; sourceTree = "<group>"; };
/* End PBXFileReference section */

/* Begin PBXFrameworksBuildPhase section */
		CC551BCB1BDB99E5008E59DF /* Frameworks */ = {
			isa = PBXFrameworksBuildPhase;
			buildActionMask = 2147483647;
			files = (
			);
			runOnlyForDeploymentPostprocessing = 0;
		};
/* End PBXFrameworksBuildPhase section */

/* Begin PBXGroup section */
		CC551BC51BDB99E4008E59DF = {
			isa = PBXGroup;
			children = (
				CC551BD01BDB99E5008E59DF /* 作业 */,
				CC551BCF1BDB99E5008E59DF /* Products */,
			);
			sourceTree = "<group>";
		};
		CC551BCF1BDB99E5008E59DF /* Products */ = {
			isa = PBXGroup;
			children = (
				CC551BCE1BDB99E5008E59DF /* 作业 */,
			);
			name = Products;
			sourceTree = "<group>";
		};
		CC551BD01BDB99E5008E59DF /* 作业 */ = {
			isa = PBXGroup;
			children = (
				CC551BD11BDB99E5008E59DF /* main.m */,
				CC551BD81BDB9A03008E59DF /* QYTeacher.h */,
				CC551BD91BDB9A03008E59DF /* QYTeacher.m */,
				CC551BDB1BDB9D29008E59DF /* QYStudent.h */,
				CC551BDC1BDB9D29008E59DF /* QYStudent.m */,
				CC551BDE1BDBA017008E59DF /* QYTrainingClass.h */,
				CC551BDF1BDBA017008E59DF /* QYTrainingClass.m */,
			);
			path = "作业";
			sourceTree = "<group>";
		};
/* End PBXGroup section */

/* Begin PBXNativeTarget section */
		CC551BCD1BDB99E5008E59DF /* 作业 */ = {
			isa = PBXNativeTarget;
			buildConfigurationList = CC551BD51BDB99E5008E59DF /* Build configuration list for PBXNativeTarget "作业" */;
			buildPhases = (
				CC551BCA1BDB99E5008E59DF /* Sources */,
				CC551BCB1BDB99E5008E59DF /* Frameworks */,
				CC551BCC1BDB99E5008E59DF /* CopyFiles */,
			);
			buildRules = (
			);
			dependencies = (
			);
			name = "作业";
			productName = "作业";
			productReference = CC551BCE1BDB99E5008E59DF /* 作业 */;
			productType = "com.apple.product-type.tool";
		};
/* End PBXNativeTarget section */

/* Begin PBXProject section */
		CC551BC61BDB99E4008E59DF /* Project object */ = {
			isa = PBXProject;
			attributes = {
				LastUpgradeCheck = 0640;
				ORGANIZATIONNAME = "阿六";
				TargetAttributes = {
					CC551BCD1BDB99E5008E59DF = {
						CreatedOnToolsVersion = 6.4;
					};
				};
			};
			buildConfigurationList = CC551BC91BDB99E4008E59DF /* Build configuration list for PBXProject "作业" */;
			compatibilityVersion = "Xcode 3.2";
			developmentRegion = English;
			hasScannedForEncodings = 0;
			knownRegions = (
				en,
			);
			mainGroup = CC551BC51BDB99E4008E59DF;
			productRefGroup = CC551BCF1BDB99E5008E59DF /* Products */;
			projectDirPath = "";
			projectRoot = "";
			targets = (
				CC551BCD1BDB99E5008E59DF /* 作业 */,
			);
		};
/* End PBXProject section */

/* Begin PBXSourcesBuildPhase section */
		CC551BCA1BDB99E5008E59DF /* Sources */ = {
			isa = PBXSourcesBuildPhase;
			buildActionMask = 2147483647;
			files = (
				CC551BE01BDBA017008E59DF /* QYTrainingClass.m in Sources */,
				CC551BDA1BDB9A03008E59DF /* QYTeacher.m in Sources */,
				CC551BD21BDB99E5008E59DF /* main.m in Sources */,
				CC551BDD1BDB9D29008E59DF /* QYStudent.m in Sources */,
			);
			runOnlyForDeploymentPostprocessing = 0;
		};
/* End PBXSourcesBuildPhase section */

/* Begin XCBuildConfiguration section */
		CC551BD31BDB99E5008E59DF /* Debug */ = {
			isa = XCBuildConfiguration;
			buildSettings = {
				ALWAYS_SEARCH_USER_PATHS = NO;
				CLANG_CXX_LANGUAGE_STANDARD = "gnu++0x";
				CLANG_CXX_LIBRARY = "libc++";
				CLANG_ENABLE_MODULES = YES;
				CLANG_ENABLE_OBJC_ARC = YES;
				CLANG_WARN_BOOL_CONVERSION = YES;
				CLANG_WARN_CONSTANT_CONVERSION = YES;
				CLANG_WARN_DIRECT_OBJC_ISA_USAGE = YES_ERROR;
				CLANG_WARN_EMPTY_BODY = YES;
				CLANG_WARN_ENUM_CONVERSION = YES;
				CLANG_WARN_INT_CONVERSION = YES;
				CLANG_WARN_OBJC_ROOT_CLASS = YES_ERROR;
				CLANG_WARN_UNREACHABLE_CODE = YES;
				CLANG_WARN__DUPLICATE_METHOD_MATCH = YES;
				COPY_PHASE_STRIP = NO;
				DEBUG_INFORMATION_FORMAT = dwarf;
				ENABLE_STRICT_OBJC_MSGSEND = YES;
				GCC_C_LANGUAGE_STANDARD = gnu99;
				GCC_DYNAMIC_NO_PIC = NO;
				GCC_NO_COMMON_BLOCKS = YES;
				GCC_OPTIMIZATION_LEVEL = 0;
				GCC_PREPROCESSOR_DEFINITIONS = (
					"DEBUG=1",
					"$(inherited)",
				);
				GCC_SYMBOLS_PRIVATE_EXTERN = NO;
				GCC_WARN_64_TO_32_BIT_CONVERSION = YES;
				GCC_WARN_ABOUT_RETURN_TYPE = YES_ERROR;
				GCC_WARN_UNDECLARED_SELECTOR = YES;
				GCC_WARN_UNINITIALIZED_AUTOS = YES_AGGRESSIVE;
				GCC_WARN_UNUSED_FUNCTION = YES;
				GCC_WARN_UNUSED_VARIABLE = YES;
				MACOSX_DEPLOYMENT_TARGET = 10.10;
				MTL_ENABLE_DEBUG_INFO = YES;
				ONLY_ACTIVE_ARCH = YES;
				SDKROOT = macosx;
			};
			name = Debug;
		};
		CC551BD41BDB99E5008E59DF /* Release */ = {
			isa = XCBuildConfiguration;
			buildSettings = {
				ALWAYS_SEARCH_USER_PATHS = NO;
				CLANG_CXX_LANGUAGE_STANDARD = "gnu++0x";
				CLANG_CXX_LIBRARY = "libc++";
				CLANG_ENABLE_MODULES = YES;
				CLANG_ENABLE_OBJC_ARC = YES;
				CLANG_WARN_BOOL_CONVERSION = YES;
				CLANG_WARN_CONSTANT_CONVERSION = YES;
				CLANG_WARN_DIRECT_OBJC_ISA_USAGE = YES_ERROR;
				CLANG_WARN_EMPTY_BODY = YES;
				CLANG_WARN_ENUM_CONVERSION = YES;
				CLANG_WARN_INT_CONVERSION = YES;
				CLANG_WARN_OBJC_ROOT_CLASS = YES_ERROR;
				CLANG_WARN_UNREACHABLE_CODE = YES;
				CLANG_WARN__DUPLICATE_METHOD_MATCH = YES;
				COPY_PHASE_STRIP = NO;
				DEBUG_INFORMATION_FORMAT = "dwarf-with-dsym";
				ENABLE_NS_ASSERTIONS = NO;
				ENABLE_STRICT_OBJC_MSGSEND = YES;
				GCC_C_LANGUAGE_STANDARD = gnu99;
				GCC_NO_COMMON_BLOCKS = YES;
				GCC_WARN_64_TO_32_BIT_CONVERSION = YES;
				GCC_WARN_ABOUT_RETURN_TYPE = YES_ERROR;
				GCC_WARN_UNDECLARED_SELECTOR = YES;
				GCC_WARN_UNINITIALIZED_AUTOS = YES_AGGRESSIVE;
				GCC_WARN_UNUSED_FUNCTION = YES;
				GCC_WARN_UNUSED_VARIABLE = YES;
				MACOSX_DEPLOYMENT_TARGET = 10.10;
				MTL_ENABLE_DEBUG_INFO = NO;
				SDKROOT = macosx;
			};
			name = Release;
		};
		CC551BD61BDB99E5008E59DF /* Debug */ = {
			isa = XCBuildConfiguration;
			buildSettings = {
				PRODUCT_NAME = "$(TARGET_NAME)";
			};
			name = Debug;
		};
		CC551BD71BDB99E5008E59DF /* Release */ = {
			isa = XCBuildConfiguration;
			buildSettings = {
				PRODUCT_NAME = "$(TARGET_NAME)";
			};
			name = Release;
		};
/* End XCBuildConfiguration section */

/* Begin XCConfigurationList section */
		CC551BC91BDB99E4008E59DF /* Build configuration list for PBXProject "作业" */ = {
			isa = XCConfigurationList;
			buildConfigurations = (
				CC551BD31BDB99E5008E59DF /* Debug */,
				CC551BD41BDB99E5008E59DF /* Release */,
			);
			defaultConfigurationIsVisible = 0;
			defaultConfigurationName = Release;
		};
		CC551BD51BDB99E5008E59DF /* Build configuration list for PBXNativeTarget "作业" */ = {
			isa = XCConfigurationList;
			buildConfigurations = (
				CC551BD61BDB99E5008E59DF /* Debug */,
				CC551BD71BDB99E5008E59DF /* Release */,
			);
			defaultConfigurationIsVisible = 0;
		};
/* End XCConfigurationList section */
	};
	rootObject = CC551BC61BDB99E4008E59DF /* Project object */;
}
