// !$*UTF8*$!
{
	archiveVersion = 1;
	classes = {
	};
	objectVersion = 46;
	objects = {

/* Begin PBXBuildFile section */
		CC9A39A81BEEF397000AA511 /* Student.m in Sources */ = {isa = PBXBuildFile; fileRef = CC9A39A71BEEF397000AA511 /* Student.m */; };
		CC9A39AE1BEEF425000AA511 /* NSArray+Sort.m in Sources */ = {isa = PBXBuildFile; fileRef = CC9A39AD1BEEF425000AA511 /* NSArray+Sort.m */; };
		CCF09E6E1BEB927200C719C0 /* main.m in Sources */ = {isa = PBXBuildFile; fileRef = CCF09E6D1BEB927200C719C0 /* main.m */; };
/* End PBXBuildFile section */

/* Begin PBXCopyFilesBuildPhase section */
		CCF09E681BEB927200C719C0 /* CopyFiles */ = {
			isa = PBXCopyFilesBuildPhase;
			buildActionMask = 2147483647;
			dstPath = /usr/share/man/man1/;
			dstSubfolderSpec = 0;
			files = (
			);
			runOnlyForDeploymentPostprocessing = 1;
		};
/* End PBXCopyFilesBuildPhase section */

/* Begin PBXFileReference section */
		CC9A39A61BEEF397000AA511 /* Student.h */ = {isa = PBXFileReference; fileEncoding = 4; lastKnownFileType = sourcecode.c.h; path = Student.h; sourceTree = "<group>"; };
		CC9A39A71BEEF397000AA511 /* Student.m */ = {isa = PBXFileReference; fileEncoding = 4; lastKnownFileType = sourcecode.c.objc; path = Student.m; sourceTree = "<group>"; };
		CC9A39AC1BEEF425000AA511 /* NSArray+Sort.h */ = {isa = PBXFileReference; fileEncoding = 4; lastKnownFileType = sourcecode.c.h; path = "NSArray+Sort.h"; sourceTree = "<group>"; };
		CC9A39AD1BEEF425000AA511 /* NSArray+Sort.m */ = {isa = PBXFileReference; fileEncoding = 4; lastKnownFileType = sourcecode.c.objc; path = "NSArray+Sort.m"; sourceTree = "<group>"; };
		CCF09E6A1BEB927200C719C0 /* 冒泡排序 */ = {isa = PBXFileReference; explicitFileType = "compiled.mach-o.executable"; includeInIndex = 0; path = "冒泡排序"; sourceTree = BUILT_PRODUCTS_DIR; };
		CCF09E6D1BEB927200C719C0 /* main.m */ = {isa = PBXFileReference; lastKnownFileType = sourcecode.c.objc; path = main.m; sourceTree = "<group>"; };
/* End PBXFileReference section */

/* Begin PBXFrameworksBuildPhase section */
		CCF09E671BEB927200C719C0 /* Frameworks */ = {
			isa = PBXFrameworksBuildPhase;
			buildActionMask = 2147483647;
			files = (
			);
			runOnlyForDeploymentPostprocessing = 0;
		};
/* End PBXFrameworksBuildPhase section */

/* Begin PBXGroup section */
		CCF09E611BEB927200C719C0 = {
			isa = PBXGroup;
			children = (
				CCF09E6C1BEB927200C719C0 /* 冒泡排序 */,
				CCF09E6B1BEB927200C719C0 /* Products */,
			);
			sourceTree = "<group>";
		};
		CCF09E6B1BEB927200C719C0 /* Products */ = {
			isa = PBXGroup;
			children = (
				CCF09E6A1BEB927200C719C0 /* 冒泡排序 */,
			);
			name = Products;
			sourceTree = "<group>";
		};
		CCF09E6C1BEB927200C719C0 /* 冒泡排序 */ = {
			isa = PBXGroup;
			children = (
				CCF09E6D1BEB927200C719C0 /* main.m */,
				CC9A39A61BEEF397000AA511 /* Student.h */,
				CC9A39A71BEEF397000AA511 /* Student.m */,
				CC9A39AC1BEEF425000AA511 /* NSArray+Sort.h */,
				CC9A39AD1BEEF425000AA511 /* NSArray+Sort.m */,
			);
			path = "冒泡排序";
			sourceTree = "<group>";
		};
/* End PBXGroup section */

/* Begin PBXNativeTarget section */
		CCF09E691BEB927200C719C0 /* 冒泡排序 */ = {
			isa = PBXNativeTarget;
			buildConfigurationList = CCF09E711BEB927200C719C0 /* Build configuration list for PBXNativeTarget "冒泡排序" */;
			buildPhases = (
				CCF09E661BEB927200C719C0 /* Sources */,
				CCF09E671BEB927200C719C0 /* Frameworks */,
				CCF09E681BEB927200C719C0 /* CopyFiles */,
			);
			buildRules = (
			);
			dependencies = (
			);
			name = "冒泡排序";
			productName = "冒泡排序";
			productReference = CCF09E6A1BEB927200C719C0 /* 冒泡排序 */;
			productType = "com.apple.product-type.tool";
		};
/* End PBXNativeTarget section */

/* Begin PBXProject section */
		CCF09E621BEB927200C719C0 /* Project object */ = {
			isa = PBXProject;
			attributes = {
				LastUpgradeCheck = 0640;
				ORGANIZATIONNAME = hnqingyun.com;
				TargetAttributes = {
					CCF09E691BEB927200C719C0 = {
						CreatedOnToolsVersion = 6.4;
					};
				};
			};
			buildConfigurationList = CCF09E651BEB927200C719C0 /* Build configuration list for PBXProject "冒泡排序" */;
			compatibilityVersion = "Xcode 3.2";
			developmentRegion = English;
			hasScannedForEncodings = 0;
			knownRegions = (
				en,
			);
			mainGroup = CCF09E611BEB927200C719C0;
			productRefGroup = CCF09E6B1BEB927200C719C0 /* Products */;
			projectDirPath = "";
			projectRoot = "";
			targets = (
				CCF09E691BEB927200C719C0 /* 冒泡排序 */,
			);
		};
/* End PBXProject section */

/* Begin PBXSourcesBuildPhase section */
		CCF09E661BEB927200C719C0 /* Sources */ = {
			isa = PBXSourcesBuildPhase;
			buildActionMask = 2147483647;
			files = (
				CC9A39AE1BEEF425000AA511 /* NSArray+Sort.m in Sources */,
				CCF09E6E1BEB927200C719C0 /* main.m in Sources */,
				CC9A39A81BEEF397000AA511 /* Student.m in Sources */,
			);
			runOnlyForDeploymentPostprocessing = 0;
		};
/* End PBXSourcesBuildPhase section */

/* Begin XCBuildConfiguration section */
		CCF09E6F1BEB927200C719C0 /* Debug */ = {
			isa = XCBuildConfiguration;
			buildSettings = {
				ALWAYS_SEARCH_USER_PATHS = NO;
				CLANG_CXX_LANGUAGE_STANDARD = "gnu++0x";
				CLANG_CXX_LIBRARY = "libc++";
				CLANG_ENABLE_MODULES = YES;
				CLANG_ENABLE_OBJC_ARC = YES;
				CLANG_WARN_BOOL_CONVERSION = YES;
				CLANG_WARN_CONSTANT_CONVERSION = YES;
				CLANG_WARN_DIRECT_OBJC_ISA_USAGE = YES_ERROR;
				CLANG_WARN_EMPTY_BODY = YES;
				CLANG_WARN_ENUM_CONVERSION = YES;
				CLANG_WARN_INT_CONVERSION = YES;
				CLANG_WARN_OBJC_ROOT_CLASS = YES_ERROR;
				CLANG_WARN_UNREACHABLE_CODE = YES;
				CLANG_WARN__DUPLICATE_METHOD_MATCH = YES;
				COPY_PHASE_STRIP = NO;
				DEBUG_INFORMATION_FORMAT = dwarf;
				ENABLE_STRICT_OBJC_MSGSEND = YES;
				GCC_C_LANGUAGE_STANDARD = gnu99;
				GCC_DYNAMIC_NO_PIC = NO;
				GCC_NO_COMMON_BLOCKS = YES;
				GCC_OPTIMIZATION_LEVEL = 0;
				GCC_PREPROCESSOR_DEFINITIONS = (
					"DEBUG=1",
					"$(inherited)",
				);
				GCC_SYMBOLS_PRIVATE_EXTERN = NO;
				GCC_WARN_64_TO_32_BIT_CONVERSION = YES;
				GCC_WARN_ABOUT_RETURN_TYPE = YES_ERROR;
				GCC_WARN_UNDECLARED_SELECTOR = YES;
				GCC_WARN_UNINITIALIZED_AUTOS = YES_AGGRESSIVE;
				GCC_WARN_UNUSED_FUNCTION = YES;
				GCC_WARN_UNUSED_VARIABLE = YES;
				MACOSX_DEPLOYMENT_TARGET = 10.10;
				MTL_ENABLE_DEBUG_INFO = YES;
				ONLY_ACTIVE_ARCH = YES;
				SDKROOT = macosx;
			};
			name = Debug;
		};
		CCF09E701BEB927200C719C0 /* Release */ = {
			isa = XCBuildConfiguration;
			buildSettings = {
				ALWAYS_SEARCH_USER_PATHS = NO;
				CLANG_CXX_LANGUAGE_STANDARD = "gnu++0x";
				CLANG_CXX_LIBRARY = "libc++";
				CLANG_ENABLE_MODULES = YES;
				CLANG_ENABLE_OBJC_ARC = YES;
				CLANG_WARN_BOOL_CONVERSION = YES;
				CLANG_WARN_CONSTANT_CONVERSION = YES;
				CLANG_WARN_DIRECT_OBJC_ISA_USAGE = YES_ERROR;
				CLANG_WARN_EMPTY_BODY = YES;
				CLANG_WARN_ENUM_CONVERSION = YES;
				CLANG_WARN_INT_CONVERSION = YES;
				CLANG_WARN_OBJC_ROOT_CLASS = YES_ERROR;
				CLANG_WARN_UNREACHABLE_CODE = YES;
				CLANG_WARN__DUPLICATE_METHOD_MATCH = YES;
				COPY_PHASE_STRIP = NO;
				DEBUG_INFORMATION_FORMAT = "dwarf-with-dsym";
				ENABLE_NS_ASSERTIONS = NO;
				ENABLE_STRICT_OBJC_MSGSEND = YES;
				GCC_C_LANGUAGE_STANDARD = gnu99;
				GCC_NO_COMMON_BLOCKS = YES;
				GCC_WARN_64_TO_32_BIT_CONVERSION = YES;
				GCC_WARN_ABOUT_RETURN_TYPE = YES_ERROR;
				GCC_WARN_UNDECLARED_SELECTOR = YES;
				GCC_WARN_UNINITIALIZED_AUTOS = YES_AGGRESSIVE;
				GCC_WARN_UNUSED_FUNCTION = YES;
				GCC_WARN_UNUSED_VARIABLE = YES;
				MACOSX_DEPLOYMENT_TARGET = 10.10;
				MTL_ENABLE_DEBUG_INFO = NO;
				SDKROOT = macosx;
			};
			name = Release;
		};
		CCF09E721BEB927200C719C0 /* Debug */ = {
			isa = XCBuildConfiguration;
			buildSettings = {
				PRODUCT_NAME = "$(TARGET_NAME)";
			};
			name = Debug;
		};
		CCF09E731BEB927200C719C0 /* Release */ = {
			isa = XCBuildConfiguration;
			buildSettings = {
				PRODUCT_NAME = "$(TARGET_NAME)";
			};
			name = Release;
		};
/* End XCBuildConfiguration section */

/* Begin XCConfigurationList section */
		CCF09E651BEB927200C719C0 /* Build configuration list for PBXProject "冒泡排序" */ = {
			isa = XCConfigurationList;
			buildConfigurations = (
				CCF09E6F1BEB927200C719C0 /* Debug */,
				CCF09E701BEB927200C719C0 /* Release */,
			);
			defaultConfigurationIsVisible = 0;
			defaultConfigurationName = Release;
		};
		CCF09E711BEB927200C719C0 /* Build configuration list for PBXNativeTarget "冒泡排序" */ = {
			isa = XCConfigurationList;
			buildConfigurations = (
				CCF09E721BEB927200C719C0 /* Debug */,
				CCF09E731BEB927200C719C0 /* Release */,
			);
			defaultConfigurationIsVisible = 0;
			defaultConfigurationName = Release;
		};
/* End XCConfigurationList section */
	};
	rootObject = CCF09E621BEB927200C719C0 /* Project object */;
}
