// !$*UTF8*$!
{
	archiveVersion = 1;
	classes = {
	};
	objectVersion = 46;
	objects = {

/* Begin PBXBuildFile section */
		CC772E691BED894600D9BD91 /* main.m in Sources */ = {isa = PBXBuildFile; fileRef = CC772E681BED894600D9BD91 /* main.m */; };
		CC772E711BED898A00D9BD91 /* Xiaoming.m in Sources */ = {isa = PBXBuildFile; fileRef = CC772E701BED898A00D9BD91 /* Xiaoming.m */; };
		CC772E741BED899E00D9BD91 /* Xiaoqiang.m in Sources */ = {isa = PBXBuildFile; fileRef = CC772E731BED899E00D9BD91 /* Xiaoqiang.m */; };
/* End PBXBuildFile section */

/* Begin PBXCopyFilesBuildPhase section */
		CC772E631BED894600D9BD91 /* CopyFiles */ = {
			isa = PBXCopyFilesBuildPhase;
			buildActionMask = 2147483647;
			dstPath = /usr/share/man/man1/;
			dstSubfolderSpec = 0;
			files = (
			);
			runOnlyForDeploymentPostprocessing = 1;
		};
/* End PBXCopyFilesBuildPhase section */

/* Begin PBXFileReference section */
		CC3918F41BEDED3F00A48D1D /* BookTicks.h */ = {isa = PBXFileReference; fileEncoding = 4; lastKnownFileType = sourcecode.c.h; path = BookTicks.h; sourceTree = "<group>"; };
		CC772E651BED894600D9BD91 /* 看电影 */ = {isa = PBXFileReference; explicitFileType = "compiled.mach-o.executable"; includeInIndex = 0; path = "看电影"; sourceTree = BUILT_PRODUCTS_DIR; };
		CC772E681BED894600D9BD91 /* main.m */ = {isa = PBXFileReference; lastKnownFileType = sourcecode.c.objc; path = main.m; sourceTree = "<group>"; };
		CC772E6F1BED898A00D9BD91 /* Xiaoming.h */ = {isa = PBXFileReference; fileEncoding = 4; lastKnownFileType = sourcecode.c.h; path = Xiaoming.h; sourceTree = "<group>"; };
		CC772E701BED898A00D9BD91 /* Xiaoming.m */ = {isa = PBXFileReference; fileEncoding = 4; lastKnownFileType = sourcecode.c.objc; path = Xiaoming.m; sourceTree = "<group>"; };
		CC772E721BED899E00D9BD91 /* Xiaoqiang.h */ = {isa = PBXFileReference; fileEncoding = 4; lastKnownFileType = sourcecode.c.h; path = Xiaoqiang.h; sourceTree = "<group>"; };
		CC772E731BED899E00D9BD91 /* Xiaoqiang.m */ = {isa = PBXFileReference; fileEncoding = 4; lastKnownFileType = sourcecode.c.objc; path = Xiaoqiang.m; sourceTree = "<group>"; };
/* End PBXFileReference section */

/* Begin PBXFrameworksBuildPhase section */
		CC772E621BED894600D9BD91 /* Frameworks */ = {
			isa = PBXFrameworksBuildPhase;
			buildActionMask = 2147483647;
			files = (
			);
			runOnlyForDeploymentPostprocessing = 0;
		};
/* End PBXFrameworksBuildPhase section */

/* Begin PBXGroup section */
		CC772E5C1BED894600D9BD91 = {
			isa = PBXGroup;
			children = (
				CC772E671BED894600D9BD91 /* 看电影 */,
				CC772E661BED894600D9BD91 /* Products */,
			);
			sourceTree = "<group>";
		};
		CC772E661BED894600D9BD91 /* Products */ = {
			isa = PBXGroup;
			children = (
				CC772E651BED894600D9BD91 /* 看电影 */,
			);
			name = Products;
			sourceTree = "<group>";
		};
		CC772E671BED894600D9BD91 /* 看电影 */ = {
			isa = PBXGroup;
			children = (
				CC772E681BED894600D9BD91 /* main.m */,
				CC772E6F1BED898A00D9BD91 /* Xiaoming.h */,
				CC772E701BED898A00D9BD91 /* Xiaoming.m */,
				CC772E721BED899E00D9BD91 /* Xiaoqiang.h */,
				CC772E731BED899E00D9BD91 /* Xiaoqiang.m */,
				CC3918F41BEDED3F00A48D1D /* BookTicks.h */,
			);
			path = "看电影";
			sourceTree = "<group>";
		};
/* End PBXGroup section */

/* Begin PBXNativeTarget section */
		CC772E641BED894600D9BD91 /* 看电影 */ = {
			isa = PBXNativeTarget;
			buildConfigurationList = CC772E6C1BED894600D9BD91 /* Build configuration list for PBXNativeTarget "看电影" */;
			buildPhases = (
				CC772E611BED894600D9BD91 /* Sources */,
				CC772E621BED894600D9BD91 /* Frameworks */,
				CC772E631BED894600D9BD91 /* CopyFiles */,
			);
			buildRules = (
			);
			dependencies = (
			);
			name = "看电影";
			productName = "看电影";
			productReference = CC772E651BED894600D9BD91 /* 看电影 */;
			productType = "com.apple.product-type.tool";
		};
/* End PBXNativeTarget section */

/* Begin PBXProject section */
		CC772E5D1BED894600D9BD91 /* Project object */ = {
			isa = PBXProject;
			attributes = {
				LastUpgradeCheck = 0640;
				ORGANIZATIONNAME = hnqingyun.com;
				TargetAttributes = {
					CC772E641BED894600D9BD91 = {
						CreatedOnToolsVersion = 6.4;
					};
				};
			};
			buildConfigurationList = CC772E601BED894600D9BD91 /* Build configuration list for PBXProject "看电影" */;
			compatibilityVersion = "Xcode 3.2";
			developmentRegion = English;
			hasScannedForEncodings = 0;
			knownRegions = (
				en,
			);
			mainGroup = CC772E5C1BED894600D9BD91;
			productRefGroup = CC772E661BED894600D9BD91 /* Products */;
			projectDirPath = "";
			projectRoot = "";
			targets = (
				CC772E641BED894600D9BD91 /* 看电影 */,
			);
		};
/* End PBXProject section */

/* Begin PBXSourcesBuildPhase section */
		CC772E611BED894600D9BD91 /* Sources */ = {
			isa = PBXSourcesBuildPhase;
			buildActionMask = 2147483647;
			files = (
				CC772E741BED899E00D9BD91 /* Xiaoqiang.m in Sources */,
				CC772E691BED894600D9BD91 /* main.m in Sources */,
				CC772E711BED898A00D9BD91 /* Xiaoming.m in Sources */,
			);
			runOnlyForDeploymentPostprocessing = 0;
		};
/* End PBXSourcesBuildPhase section */

/* Begin XCBuildConfiguration section */
		CC772E6A1BED894600D9BD91 /* Debug */ = {
			isa = XCBuildConfiguration;
			buildSettings = {
				ALWAYS_SEARCH_USER_PATHS = NO;
				CLANG_CXX_LANGUAGE_STANDARD = "gnu++0x";
				CLANG_CXX_LIBRARY = "libc++";
				CLANG_ENABLE_MODULES = YES;
				CLANG_ENABLE_OBJC_ARC = YES;
				CLANG_WARN_BOOL_CONVERSION = YES;
				CLANG_WARN_CONSTANT_CONVERSION = YES;
				CLANG_WARN_DIRECT_OBJC_ISA_USAGE = YES_ERROR;
				CLANG_WARN_EMPTY_BODY = YES;
				CLANG_WARN_ENUM_CONVERSION = YES;
				CLANG_WARN_INT_CONVERSION = YES;
				CLANG_WARN_OBJC_ROOT_CLASS = YES_ERROR;
				CLANG_WARN_UNREACHABLE_CODE = YES;
				CLANG_WARN__DUPLICATE_METHOD_MATCH = YES;
				COPY_PHASE_STRIP = NO;
				DEBUG_INFORMATION_FORMAT = dwarf;
				ENABLE_STRICT_OBJC_MSGSEND = YES;
				GCC_C_LANGUAGE_STANDARD = gnu99;
				GCC_DYNAMIC_NO_PIC = NO;
				GCC_NO_COMMON_BLOCKS = YES;
				GCC_OPTIMIZATION_LEVEL = 0;
				GCC_PREPROCESSOR_DEFINITIONS = (
					"DEBUG=1",
					"$(inherited)",
				);
				GCC_SYMBOLS_PRIVATE_EXTERN = NO;
				GCC_WARN_64_TO_32_BIT_CONVERSION = YES;
				GCC_WARN_ABOUT_RETURN_TYPE = YES_ERROR;
				GCC_WARN_UNDECLARED_SELECTOR = YES;
				GCC_WARN_UNINITIALIZED_AUTOS = YES_AGGRESSIVE;
				GCC_WARN_UNUSED_FUNCTION = YES;
				GCC_WARN_UNUSED_VARIABLE = YES;
				MACOSX_DEPLOYMENT_TARGET = 10.10;
				MTL_ENABLE_DEBUG_INFO = YES;
				ONLY_ACTIVE_ARCH = YES;
				SDKROOT = macosx;
			};
			name = Debug;
		};
		CC772E6B1BED894600D9BD91 /* Release */ = {
			isa = XCBuildConfiguration;
			buildSettings = {
				ALWAYS_SEARCH_USER_PATHS = NO;
				CLANG_CXX_LANGUAGE_STANDARD = "gnu++0x";
				CLANG_CXX_LIBRARY = "libc++";
				CLANG_ENABLE_MODULES = YES;
				CLANG_ENABLE_OBJC_ARC = YES;
				CLANG_WARN_BOOL_CONVERSION = YES;
				CLANG_WARN_CONSTANT_CONVERSION = YES;
				CLANG_WARN_DIRECT_OBJC_ISA_USAGE = YES_ERROR;
				CLANG_WARN_EMPTY_BODY = YES;
				CLANG_WARN_ENUM_CONVERSION = YES;
				CLANG_WARN_INT_CONVERSION = YES;
				CLANG_WARN_OBJC_ROOT_CLASS = YES_ERROR;
				CLANG_WARN_UNREACHABLE_CODE = YES;
				CLANG_WARN__DUPLICATE_METHOD_MATCH = YES;
				COPY_PHASE_STRIP = NO;
				DEBUG_INFORMATION_FORMAT = "dwarf-with-dsym";
				ENABLE_NS_ASSERTIONS = NO;
				ENABLE_STRICT_OBJC_MSGSEND = YES;
				GCC_C_LANGUAGE_STANDARD = gnu99;
				GCC_NO_COMMON_BLOCKS = YES;
				GCC_WARN_64_TO_32_BIT_CONVERSION = YES;
				GCC_WARN_ABOUT_RETURN_TYPE = YES_ERROR;
				GCC_WARN_UNDECLARED_SELECTOR = YES;
				GCC_WARN_UNINITIALIZED_AUTOS = YES_AGGRESSIVE;
				GCC_WARN_UNUSED_FUNCTION = YES;
				GCC_WARN_UNUSED_VARIABLE = YES;
				MACOSX_DEPLOYMENT_TARGET = 10.10;
				MTL_ENABLE_DEBUG_INFO = NO;
				SDKROOT = macosx;
			};
			name = Release;
		};
		CC772E6D1BED894600D9BD91 /* Debug */ = {
			isa = XCBuildConfiguration;
			buildSettings = {
				PRODUCT_NAME = "$(TARGET_NAME)";
			};
			name = Debug;
		};
		CC772E6E1BED894600D9BD91 /* Release */ = {
			isa = XCBuildConfiguration;
			buildSettings = {
				PRODUCT_NAME = "$(TARGET_NAME)";
			};
			name = Release;
		};
/* End XCBuildConfiguration section */

/* Begin XCConfigurationList section */
		CC772E601BED894600D9BD91 /* Build configuration list for PBXProject "看电影" */ = {
			isa = XCConfigurationList;
			buildConfigurations = (
				CC772E6A1BED894600D9BD91 /* Debug */,
				CC772E6B1BED894600D9BD91 /* Release */,
			);
			defaultConfigurationIsVisible = 0;
			defaultConfigurationName = Release;
		};
		CC772E6C1BED894600D9BD91 /* Build configuration list for PBXNativeTarget "看电影" */ = {
			isa = XCConfigurationList;
			buildConfigurations = (
				CC772E6D1BED894600D9BD91 /* Debug */,
				CC772E6E1BED894600D9BD91 /* Release */,
			);
			defaultConfigurationIsVisible = 0;
			defaultConfigurationName = Release;
		};
/* End XCConfigurationList section */
	};
	rootObject = CC772E5D1BED894600D9BD91 /* Project object */;
}
